// !$*UTF8*$!
{
	archiveVersion = 1;
	classes = {
	};
	objectVersion = 50;
	objects = {

/* Begin PBXBuildFile section */
		BFF8F84D246FA10B0034DA9E /* AppDelegate.swift in Sources */ = {isa = PBXBuildFile; fileRef = BFF8F84C246FA10B0034DA9E /* AppDelegate.swift */; };
		BFF8F84F246FA10B0034DA9E /* SceneDelegate.swift in Sources */ = {isa = PBXBuildFile; fileRef = BFF8F84E246FA10B0034DA9E /* SceneDelegate.swift */; };
		BFF8F851246FA10B0034DA9E /* ClipImageSquareView.swift in Sources */ = {isa = PBXBuildFile; fileRef = BFF8F850246FA10B0034DA9E /* ClipImageSquareView.swift */; };
		BFF8F853246FA10D0034DA9E /* Assets.xcassets in Resources */ = {isa = PBXBuildFile; fileRef = BFF8F852246FA10D0034DA9E /* Assets.xcassets */; };
		BFF8F856246FA10D0034DA9E /* Preview Assets.xcassets in Resources */ = {isa = PBXBuildFile; fileRef = BFF8F855246FA10D0034DA9E /* Preview Assets.xcassets */; };
		BFF8F859246FA10D0034DA9E /* LaunchScreen.storyboard in Resources */ = {isa = PBXBuildFile; fileRef = BFF8F857246FA10D0034DA9E /* LaunchScreen.storyboard */; };
		BFF8F864246FA10D0034DA9E /* SwiftUIPlaygroundTests.swift in Sources */ = {isa = PBXBuildFile; fileRef = BFF8F863246FA10D0034DA9E /* SwiftUIPlaygroundTests.swift */; };
		BFF8F870246FA5680034DA9E /* README.md in Resources */ = {isa = PBXBuildFile; fileRef = BFF8F86F246FA5680034DA9E /* README.md */; };
		BFF8F872246FA8380034DA9E /* ConditionalDatePickerView.swift in Sources */ = {isa = PBXBuildFile; fileRef = BFF8F871246FA8380034DA9E /* ConditionalDatePickerView.swift */; };
		BFF8F874246FABD90034DA9E /* SizedUIViewRepresentableView.swift in Sources */ = {isa = PBXBuildFile; fileRef = BFF8F873246FABD90034DA9E /* SizedUIViewRepresentableView.swift */; };
		BFF8F876246FB0120034DA9E /* LinkedStateChangeView.swift in Sources */ = {isa = PBXBuildFile; fileRef = BFF8F875246FB0120034DA9E /* LinkedStateChangeView.swift */; };
/* End PBXBuildFile section */

/* Begin PBXContainerItemProxy section */
		BFF8F860246FA10D0034DA9E /* PBXContainerItemProxy */ = {
			isa = PBXContainerItemProxy;
			containerPortal = BFF8F841246FA10B0034DA9E /* Project object */;
			proxyType = 1;
			remoteGlobalIDString = BFF8F848246FA10B0034DA9E;
			remoteInfo = SwiftUIPlayground;
		};
/* End PBXContainerItemProxy section */

/* Begin PBXFileReference section */
		BFF8F849246FA10B0034DA9E /* SwiftUIPlayground.app */ = {isa = PBXFileReference; explicitFileType = wrapper.application; includeInIndex = 0; path = SwiftUIPlayground.app; sourceTree = BUILT_PRODUCTS_DIR; };
		BFF8F84C246FA10B0034DA9E /* AppDelegate.swift */ = {isa = PBXFileReference; lastKnownFileType = sourcecode.swift; path = AppDelegate.swift; sourceTree = "<group>"; };
		BFF8F84E246FA10B0034DA9E /* SceneDelegate.swift */ = {isa = PBXFileReference; lastKnownFileType = sourcecode.swift; path = SceneDelegate.swift; sourceTree = "<group>"; };
		BFF8F850246FA10B0034DA9E /* ClipImageSquareView.swift */ = {isa = PBXFileReference; lastKnownFileType = sourcecode.swift; path = ClipImageSquareView.swift; sourceTree = "<group>"; };
		BFF8F852246FA10D0034DA9E /* Assets.xcassets */ = {isa = PBXFileReference; lastKnownFileType = folder.assetcatalog; path = Assets.xcassets; sourceTree = "<group>"; };
		BFF8F855246FA10D0034DA9E /* Preview Assets.xcassets */ = {isa = PBXFileReference; lastKnownFileType = folder.assetcatalog; path = "Preview Assets.xcassets"; sourceTree = "<group>"; };
		BFF8F858246FA10D0034DA9E /* Base */ = {isa = PBXFileReference; lastKnownFileType = file.storyboard; name = Base; path = Base.lproj/LaunchScreen.storyboard; sourceTree = "<group>"; };
		BFF8F85A246FA10D0034DA9E /* Info.plist */ = {isa = PBXFileReference; lastKnownFileType = text.plist.xml; path = Info.plist; sourceTree = "<group>"; };
		BFF8F85F246FA10D0034DA9E /* SwiftUIPlaygroundTests.xctest */ = {isa = PBXFileReference; explicitFileType = wrapper.cfbundle; includeInIndex = 0; path = SwiftUIPlaygroundTests.xctest; sourceTree = BUILT_PRODUCTS_DIR; };
		BFF8F863246FA10D0034DA9E /* SwiftUIPlaygroundTests.swift */ = {isa = PBXFileReference; lastKnownFileType = sourcecode.swift; path = SwiftUIPlaygroundTests.swift; sourceTree = "<group>"; };
		BFF8F865246FA10D0034DA9E /* Info.plist */ = {isa = PBXFileReference; lastKnownFileType = text.plist.xml; path = Info.plist; sourceTree = "<group>"; };
		BFF8F86F246FA5680034DA9E /* README.md */ = {isa = PBXFileReference; fileEncoding = 4; lastKnownFileType = net.daringfireball.markdown; path = README.md; sourceTree = "<group>"; };
		BFF8F871246FA8380034DA9E /* ConditionalDatePickerView.swift */ = {isa = PBXFileReference; lastKnownFileType = sourcecode.swift; path = ConditionalDatePickerView.swift; sourceTree = "<group>"; };
		BFF8F873246FABD90034DA9E /* SizedUIViewRepresentableView.swift */ = {isa = PBXFileReference; lastKnownFileType = sourcecode.swift; path = SizedUIViewRepresentableView.swift; sourceTree = "<group>"; };
		BFF8F875246FB0120034DA9E /* LinkedStateChangeView.swift */ = {isa = PBXFileReference; lastKnownFileType = sourcecode.swift; path = LinkedStateChangeView.swift; sourceTree = "<group>"; };
/* End PBXFileReference section */

/* Begin PBXFrameworksBuildPhase section */
		BFF8F846246FA10B0034DA9E /* Frameworks */ = {
			isa = PBXFrameworksBuildPhase;
			buildActionMask = 2147483647;
			files = (
			);
			runOnlyForDeploymentPostprocessing = 0;
		};
		BFF8F85C246FA10D0034DA9E /* Frameworks */ = {
			isa = PBXFrameworksBuildPhase;
			buildActionMask = 2147483647;
			files = (
			);
			runOnlyForDeploymentPostprocessing = 0;
		};
/* End PBXFrameworksBuildPhase section */

/* Begin PBXGroup section */
		BFF8F840246FA10B0034DA9E = {
			isa = PBXGroup;
			children = (
				BFF8F86F246FA5680034DA9E /* README.md */,
				BFF8F84B246FA10B0034DA9E /* SwiftUIPlayground */,
				BFF8F862246FA10D0034DA9E /* SwiftUIPlaygroundTests */,
				BFF8F84A246FA10B0034DA9E /* Products */,
			);
			sourceTree = "<group>";
		};
		BFF8F84A246FA10B0034DA9E /* Products */ = {
			isa = PBXGroup;
			children = (
				BFF8F849246FA10B0034DA9E /* SwiftUIPlayground.app */,
				BFF8F85F246FA10D0034DA9E /* SwiftUIPlaygroundTests.xctest */,
			);
			name = Products;
			sourceTree = "<group>";
		};
		BFF8F84B246FA10B0034DA9E /* SwiftUIPlayground */ = {
			isa = PBXGroup;
			children = (
				BFF8F84C246FA10B0034DA9E /* AppDelegate.swift */,
				BFF8F84E246FA10B0034DA9E /* SceneDelegate.swift */,
				BFF8F852246FA10D0034DA9E /* Assets.xcassets */,
				BFF8F857246FA10D0034DA9E /* LaunchScreen.storyboard */,
				BFF8F85A246FA10D0034DA9E /* Info.plist */,
				BFF8F854246FA10D0034DA9E /* Preview Content */,
				BFF8F86E246FA3F40034DA9E /* Views */,
			);
			path = SwiftUIPlayground;
			sourceTree = "<group>";
		};
		BFF8F854246FA10D0034DA9E /* Preview Content */ = {
			isa = PBXGroup;
			children = (
				BFF8F855246FA10D0034DA9E /* Preview Assets.xcassets */,
			);
			path = "Preview Content";
			sourceTree = "<group>";
		};
		BFF8F862246FA10D0034DA9E /* SwiftUIPlaygroundTests */ = {
			isa = PBXGroup;
			children = (
				BFF8F863246FA10D0034DA9E /* SwiftUIPlaygroundTests.swift */,
				BFF8F865246FA10D0034DA9E /* Info.plist */,
			);
			path = SwiftUIPlaygroundTests;
			sourceTree = "<group>";
		};
		BFF8F86E246FA3F40034DA9E /* Views */ = {
			isa = PBXGroup;
			children = (
				BFF8F871246FA8380034DA9E /* ConditionalDatePickerView.swift */,
				BFF8F850246FA10B0034DA9E /* ClipImageSquareView.swift */,
				BFF8F873246FABD90034DA9E /* SizedUIViewRepresentableView.swift */,
				BFF8F875246FB0120034DA9E /* LinkedStateChangeView.swift */,
			);
			path = Views;
			sourceTree = "<group>";
		};
/* End PBXGroup section */

/* Begin PBXNativeTarget section */
		BFF8F848246FA10B0034DA9E /* SwiftUIPlayground */ = {
			isa = PBXNativeTarget;
			buildConfigurationList = BFF8F868246FA10D0034DA9E /* Build configuration list for PBXNativeTarget "SwiftUIPlayground" */;
			buildPhases = (
				BFF8F845246FA10B0034DA9E /* Sources */,
				BFF8F846246FA10B0034DA9E /* Frameworks */,
				BFF8F847246FA10B0034DA9E /* Resources */,
			);
			buildRules = (
			);
			dependencies = (
			);
			name = SwiftUIPlayground;
			productName = SwiftUIPlayground;
			productReference = BFF8F849246FA10B0034DA9E /* SwiftUIPlayground.app */;
			productType = "com.apple.product-type.application";
		};
		BFF8F85E246FA10D0034DA9E /* SwiftUIPlaygroundTests */ = {
			isa = PBXNativeTarget;
			buildConfigurationList = BFF8F86B246FA10D0034DA9E /* Build configuration list for PBXNativeTarget "SwiftUIPlaygroundTests" */;
			buildPhases = (
				BFF8F85B246FA10D0034DA9E /* Sources */,
				BFF8F85C246FA10D0034DA9E /* Frameworks */,
				BFF8F85D246FA10D0034DA9E /* Resources */,
			);
			buildRules = (
			);
			dependencies = (
				BFF8F861246FA10D0034DA9E /* PBXTargetDependency */,
			);
			name = SwiftUIPlaygroundTests;
			productName = SwiftUIPlaygroundTests;
			productReference = BFF8F85F246FA10D0034DA9E /* SwiftUIPlaygroundTests.xctest */;
			productType = "com.apple.product-type.bundle.unit-test";
		};
/* End PBXNativeTarget section */

/* Begin PBXProject section */
		BFF8F841246FA10B0034DA9E /* Project object */ = {
			isa = PBXProject;
			attributes = {
				LastSwiftUpdateCheck = 1140;
				LastUpgradeCheck = 1140;
				ORGANIZATIONNAME = "Ralf Ebert";
				TargetAttributes = {
					BFF8F848246FA10B0034DA9E = {
						CreatedOnToolsVersion = 11.4.1;
					};
					BFF8F85E246FA10D0034DA9E = {
						CreatedOnToolsVersion = 11.4.1;
						TestTargetID = BFF8F848246FA10B0034DA9E;
					};
				};
			};
			buildConfigurationList = BFF8F844246FA10B0034DA9E /* Build configuration list for PBXProject "SwiftUIPlayground" */;
			compatibilityVersion = "Xcode 9.3";
			developmentRegion = en;
			hasScannedForEncodings = 0;
			knownRegions = (
				en,
				Base,
			);
			mainGroup = BFF8F840246FA10B0034DA9E;
			productRefGroup = BFF8F84A246FA10B0034DA9E /* Products */;
			projectDirPath = "";
			projectRoot = "";
			targets = (
				BFF8F848246FA10B0034DA9E /* SwiftUIPlayground */,
				BFF8F85E246FA10D0034DA9E /* SwiftUIPlaygroundTests */,
			);
		};
/* End PBXProject section */

/* Begin PBXResourcesBuildPhase section */
		BFF8F847246FA10B0034DA9E /* Resources */ = {
			isa = PBXResourcesBuildPhase;
			buildActionMask = 2147483647;
			files = (
				BFF8F859246FA10D0034DA9E /* LaunchScreen.storyboard in Resources */,
				BFF8F856246FA10D0034DA9E /* Preview Assets.xcassets in Resources */,
				BFF8F870246FA5680034DA9E /* README.md in Resources */,
				BFF8F853246FA10D0034DA9E /* Assets.xcassets in Resources */,
			);
			runOnlyForDeploymentPostprocessing = 0;
		};
		BFF8F85D246FA10D0034DA9E /* Resources */ = {
			isa = PBXResourcesBuildPhase;
			buildActionMask = 2147483647;
			files = (
			);
			runOnlyForDeploymentPostprocessing = 0;
		};
/* End PBXResourcesBuildPhase section */

/* Begin PBXSourcesBuildPhase section */
		BFF8F845246FA10B0034DA9E /* Sources */ = {
			isa = PBXSourcesBuildPhase;
			buildActionMask = 2147483647;
			files = (
				BFF8F874246FABD90034DA9E /* SizedUIViewRepresentableView.swift in Sources */,
				BFF8F84D246FA10B0034DA9E /* AppDelegate.swift in Sources */,
				BFF8F84F246FA10B0034DA9E /* SceneDelegate.swift in Sources */,
				BFF8F851246FA10B0034DA9E /* ClipImageSquareView.swift in Sources */,
				BFF8F876246FB0120034DA9E /* LinkedStateChangeView.swift in Sources */,
				BFF8F872246FA8380034DA9E /* ConditionalDatePickerView.swift in Sources */,
			);
			runOnlyForDeploymentPostprocessing = 0;
		};
		BFF8F85B246FA10D0034DA9E /* Sources */ = {
			isa = PBXSourcesBuildPhase;
			buildActionMask = 2147483647;
			files = (
				BFF8F864246FA10D0034DA9E /* SwiftUIPlaygroundTests.swift in Sources */,
			);
			runOnlyForDeploymentPostprocessing = 0;
		};
/* End PBXSourcesBuildPhase section */

/* Begin PBXTargetDependency section */
		BFF8F861246FA10D0034DA9E /* PBXTargetDependency */ = {
			isa = PBXTargetDependency;
			target = BFF8F848246FA10B0034DA9E /* SwiftUIPlayground */;
			targetProxy = BFF8F860246FA10D0034DA9E /* PBXContainerItemProxy */;
		};
/* End PBXTargetDependency section */

/* Begin PBXVariantGroup section */
		BFF8F857246FA10D0034DA9E /* LaunchScreen.storyboard */ = {
			isa = PBXVariantGroup;
			children = (
				BFF8F858246FA10D0034DA9E /* Base */,
			);
			name = LaunchScreen.storyboard;
			sourceTree = "<group>";
		};
/* End PBXVariantGroup section */

/* Begin XCBuildConfiguration section */
		BFF8F866246FA10D0034DA9E /* Debug */ = {
			isa = XCBuildConfiguration;
			buildSettings = {
				ALWAYS_SEARCH_USER_PATHS = NO;
				CLANG_ANALYZER_NONNULL = YES;
				CLANG_ANALYZER_NUMBER_OBJECT_CONVERSION = YES_AGGRESSIVE;
				CLANG_CXX_LANGUAGE_STANDARD = "gnu++14";
				CLANG_CXX_LIBRARY = "libc++";
				CLANG_ENABLE_MODULES = YES;
				CLANG_ENABLE_OBJC_ARC = YES;
				CLANG_ENABLE_OBJC_WEAK = YES;
				CLANG_WARN_BLOCK_CAPTURE_AUTORELEASING = YES;
				CLANG_WARN_BOOL_CONVERSION = YES;
				CLANG_WARN_COMMA = YES;
				CLANG_WARN_CONSTANT_CONVERSION = YES;
				CLANG_WARN_DEPRECATED_OBJC_IMPLEMENTATIONS = YES;
				CLANG_WARN_DIRECT_OBJC_ISA_USAGE = YES_ERROR;
				CLANG_WARN_DOCUMENTATION_COMMENTS = YES;
				CLANG_WARN_EMPTY_BODY = YES;
				CLANG_WARN_ENUM_CONVERSION = YES;
				CLANG_WARN_INFINITE_RECURSION = YES;
				CLANG_WARN_INT_CONVERSION = YES;
				CLANG_WARN_NON_LITERAL_NULL_CONVERSION = YES;
				CLANG_WARN_OBJC_IMPLICIT_RETAIN_SELF = YES;
				CLANG_WARN_OBJC_LITERAL_CONVERSION = YES;
				CLANG_WARN_OBJC_ROOT_CLASS = YES_ERROR;
				CLANG_WARN_RANGE_LOOP_ANALYSIS = YES;
				CLANG_WARN_STRICT_PROTOTYPES = YES;
				CLANG_WARN_SUSPICIOUS_MOVE = YES;
				CLANG_WARN_UNGUARDED_AVAILABILITY = YES_AGGRESSIVE;
				CLANG_WARN_UNREACHABLE_CODE = YES;
				CLANG_WARN__DUPLICATE_METHOD_MATCH = YES;
				COPY_PHASE_STRIP = NO;
				DEBUG_INFORMATION_FORMAT = dwarf;
				ENABLE_STRICT_OBJC_MSGSEND = YES;
				ENABLE_TESTABILITY = YES;
				GCC_C_LANGUAGE_STANDARD = gnu11;
				GCC_DYNAMIC_NO_PIC = NO;
				GCC_NO_COMMON_BLOCKS = YES;
				GCC_OPTIMIZATION_LEVEL = 0;
				GCC_PREPROCESSOR_DEFINITIONS = (
					"DEBUG=1",
					"$(inherited)",
				);
				GCC_WARN_64_TO_32_BIT_CONVERSION = YES;
				GCC_WARN_ABOUT_RETURN_TYPE = YES_ERROR;
				GCC_WARN_UNDECLARED_SELECTOR = YES;
				GCC_WARN_UNINITIALIZED_AUTOS = YES_AGGRESSIVE;
				GCC_WARN_UNUSED_FUNCTION = YES;
				GCC_WARN_UNUSED_VARIABLE = YES;
				IPHONEOS_DEPLOYMENT_TARGET = 13.4;
				MTL_ENABLE_DEBUG_INFO = INCLUDE_SOURCE;
				MTL_FAST_MATH = YES;
				ONLY_ACTIVE_ARCH = YES;
				SDKROOT = iphoneos;
				SWIFT_ACTIVE_COMPILATION_CONDITIONS = DEBUG;
				SWIFT_OPTIMIZATION_LEVEL = "-Onone";
			};
			name = Debug;
		};
		BFF8F867246FA10D0034DA9E /* Release */ = {
			isa = XCBuildConfiguration;
			buildSettings = {
				ALWAYS_SEARCH_USER_PATHS = NO;
				CLANG_ANALYZER_NONNULL = YES;
				CLANG_ANALYZER_NUMBER_OBJECT_CONVERSION = YES_AGGRESSIVE;
				CLANG_CXX_LANGUAGE_STANDARD = "gnu++14";
				CLANG_CXX_LIBRARY = "libc++";
				CLANG_ENABLE_MODULES = YES;
				CLANG_ENABLE_OBJC_ARC = YES;
				CLANG_ENABLE_OBJC_WEAK = YES;
				CLANG_WARN_BLOCK_CAPTURE_AUTORELEASING = YES;
				CLANG_WARN_BOOL_CONVERSION = YES;
				CLANG_WARN_COMMA = YES;
				CLANG_WARN_CONSTANT_CONVERSION = YES;
				CLANG_WARN_DEPRECATED_OBJC_IMPLEMENTATIONS = YES;
				CLANG_WARN_DIRECT_OBJC_ISA_USAGE = YES_ERROR;
				CLANG_WARN_DOCUMENTATION_COMMENTS = YES;
				CLANG_WARN_EMPTY_BODY = YES;
				CLANG_WARN_ENUM_CONVERSION = YES;
				CLANG_WARN_INFINITE_RECURSION = YES;
				CLANG_WARN_INT_CONVERSION = YES;
				CLANG_WARN_NON_LITERAL_NULL_CONVERSION = YES;
				CLANG_WARN_OBJC_IMPLICIT_RETAIN_SELF = YES;
				CLANG_WARN_OBJC_LITERAL_CONVERSION = YES;
				CLANG_WARN_OBJC_ROOT_CLASS = YES_ERROR;
				CLANG_WARN_RANGE_LOOP_ANALYSIS = YES;
				CLANG_WARN_STRICT_PROTOTYPES = YES;
				CLANG_WARN_SUSPICIOUS_MOVE = YES;
				CLANG_WARN_UNGUARDED_AVAILABILITY = YES_AGGRESSIVE;
				CLANG_WARN_UNREACHABLE_CODE = YES;
				CLANG_WARN__DUPLICATE_METHOD_MATCH = YES;
				COPY_PHASE_STRIP = NO;
				DEBUG_INFORMATION_FORMAT = "dwarf-with-dsym";
				ENABLE_NS_ASSERTIONS = NO;
				ENABLE_STRICT_OBJC_MSGSEND = YES;
				GCC_C_LANGUAGE_STANDARD = gnu11;
				GCC_NO_COMMON_BLOCKS = YES;
				GCC_WARN_64_TO_32_BIT_CONVERSION = YES;
				GCC_WARN_ABOUT_RETURN_TYPE = YES_ERROR;
				GCC_WARN_UNDECLARED_SELECTOR = YES;
				GCC_WARN_UNINITIALIZED_AUTOS = YES_AGGRESSIVE;
				GCC_WARN_UNUSED_FUNCTION = YES;
				GCC_WARN_UNUSED_VARIABLE = YES;
				IPHONEOS_DEPLOYMENT_TARGET = 13.4;
				MTL_ENABLE_DEBUG_INFO = NO;
				MTL_FAST_MATH = YES;
				SDKROOT = iphoneos;
				SWIFT_COMPILATION_MODE = wholemodule;
				SWIFT_OPTIMIZATION_LEVEL = "-O";
				VALIDATE_PRODUCT = YES;
			};
			name = Release;
		};
		BFF8F869246FA10D0034DA9E /* Debug */ = {
			isa = XCBuildConfiguration;
			buildSettings = {
				ASSETCATALOG_COMPILER_APPICON_NAME = AppIcon;
				CODE_SIGN_STYLE = Automatic;
				DEVELOPMENT_ASSET_PATHS = "\"SwiftUIPlayground/Preview Content\"";
				DEVELOPMENT_TEAM = R476D442DR;
				ENABLE_PREVIEWS = YES;
				INFOPLIST_FILE = SwiftUIPlayground/Info.plist;
				LD_RUNPATH_SEARCH_PATHS = (
					"$(inherited)",
					"@executable_path/Frameworks",
				);
				PRODUCT_BUNDLE_IDENTIFIER = com.example.SwiftUIPlayground;
				PRODUCT_NAME = "$(TARGET_NAME)";
				SWIFT_VERSION = 5.0;
				TARGETED_DEVICE_FAMILY = "1,2";
			};
			name = Debug;
		};
		BFF8F86A246FA10D0034DA9E /* Release */ = {
			isa = XCBuildConfiguration;
			buildSettings = {
				ASSETCATALOG_COMPILER_APPICON_NAME = AppIcon;
				CODE_SIGN_STYLE = Automatic;
				DEVELOPMENT_ASSET_PATHS = "\"SwiftUIPlayground/Preview Content\"";
				DEVELOPMENT_TEAM = R476D442DR;
				ENABLE_PREVIEWS = YES;
				INFOPLIST_FILE = SwiftUIPlayground/Info.plist;
				LD_RUNPATH_SEARCH_PATHS = (
					"$(inherited)",
					"@executable_path/Frameworks",
				);
				PRODUCT_BUNDLE_IDENTIFIER = com.example.SwiftUIPlayground;
				PRODUCT_NAME = "$(TARGET_NAME)";
				SWIFT_VERSION = 5.0;
				TARGETED_DEVICE_FAMILY = "1,2";
			};
			name = Release;
		};
		BFF8F86C246FA10D0034DA9E /* Debug */ = {
			isa = XCBuildConfiguration;
			buildSettings = {
				ALWAYS_EMBED_SWIFT_STANDARD_LIBRARIES = YES;
				BUNDLE_LOADER = "$(TEST_HOST)";
				CODE_SIGN_STYLE = Automatic;
				DEVELOPMENT_TEAM = R476D442DR;
				INFOPLIST_FILE = SwiftUIPlaygroundTests/Info.plist;
				IPHONEOS_DEPLOYMENT_TARGET = 13.4;
				LD_RUNPATH_SEARCH_PATHS = (
					"$(inherited)",
					"@executable_path/Frameworks",
					"@loader_path/Frameworks",
				);
				PRODUCT_BUNDLE_IDENTIFIER = com.example.SwiftUIPlaygroundTests;
				PRODUCT_NAME = "$(TARGET_NAME)";
				SWIFT_VERSION = 5.0;
				TARGETED_DEVICE_FAMILY = "1,2";
				TEST_HOST = "$(BUILT_PRODUCTS_DIR)/SwiftUIPlayground.app/SwiftUIPlayground";
			};
			name = Debug;
		};
		BFF8F86D246FA10D0034DA9E /* Release */ = {
			isa = XCBuildConfiguration;
			buildSettings = {
				ALWAYS_EMBED_SWIFT_STANDARD_LIBRARIES = YES;
				BUNDLE_LOADER = "$(TEST_HOST)";
				CODE_SIGN_STYLE = Automatic;
				DEVELOPMENT_TEAM = R476D442DR;
				INFOPLIST_FILE = SwiftUIPlaygroundTests/Info.plist;
				IPHONEOS_DEPLOYMENT_TARGET = 13.4;
				LD_RUNPATH_SEARCH_PATHS = (
					"$(inherited)",
					"@executable_path/Frameworks",
					"@loader_path/Frameworks",
				);
				PRODUCT_BUNDLE_IDENTIFIER = com.example.SwiftUIPlaygroundTests;
				PRODUCT_NAME = "$(TARGET_NAME)";
				SWIFT_VERSION = 5.0;
				TARGETED_DEVICE_FAMILY = "1,2";
				TEST_HOST = "$(BUILT_PRODUCTS_DIR)/SwiftUIPlayground.app/SwiftUIPlayground";
			};
			name = Release;
		};
/* End XCBuildConfiguration section */

/* Begin XCConfigurationList section */
		BFF8F844246FA10B0034DA9E /* Build configuration list for PBXProject "SwiftUIPlayground" */ = {
			isa = XCConfigurationList;
			buildConfigurations = (
				BFF8F866246FA10D0034DA9E /* Debug */,
				BFF8F867246FA10D0034DA9E /* Release */,
			);
			defaultConfigurationIsVisible = 0;
			defaultConfigurationName = Release;
		};
		BFF8F868246FA10D0034DA9E /* Build configuration list for PBXNativeTarget "SwiftUIPlayground" */ = {
			isa = XCConfigurationList;
			buildConfigurations = (
				BFF8F869246FA10D0034DA9E /* Debug */,
				BFF8F86A246FA10D0034DA9E /* Release */,
			);
			defaultConfigurationIsVisible = 0;
			defaultConfigurationName = Release;
		};
		BFF8F86B246FA10D0034DA9E /* Build configuration list for PBXNativeTarget "SwiftUIPlaygroundTests" */ = {
			isa = XCConfigurationList;
			buildConfigurations = (
				BFF8F86C246FA10D0034DA9E /* Debug */,
				BFF8F86D246FA10D0034DA9E /* Release */,
			);
			defaultConfigurationIsVisible = 0;
			defaultConfigurationName = Release;
		};
/* End XCConfigurationList section */
	};
	rootObject = BFF8F841246FA10B0034DA9E /* Project object */;
}
