// !$*UTF8*$!
{
	archiveVersion = 1;
	classes = {
	};
	objectVersion = 52;
	objects = {

/* Begin PBXBuildFile section */
		BF6F691824715E0F00658F64 /* TextExampleView.swift in Sources */ = {isa = PBXBuildFile; fileRef = BF6F691724715E0F00658F64 /* TextExampleView.swift */; };
		BF6F691A24715E8300658F64 /* ToggleExampleView.swift in Sources */ = {isa = PBXBuildFile; fileRef = BF6F691924715E8300658F64 /* ToggleExampleView.swift */; };
		BF6F691C24716BB000658F64 /* ImageExampleView.swift in Sources */ = {isa = PBXBuildFile; fileRef = BF6F691B24716BB000658F64 /* ImageExampleView.swift */; };
		BF8502D3247148AB0070D0F5 /* Date+Extensions.swift in Sources */ = {isa = PBXBuildFile; fileRef = BF8502D2247148AB0070D0F5 /* Date+Extensions.swift */; };
		BF8502D524714A580070D0F5 /* AllWidgetsView.swift in Sources */ = {isa = PBXBuildFile; fileRef = BF8502D424714A580070D0F5 /* AllWidgetsView.swift */; };
		BF8502D724714E630070D0F5 /* EditButtonExampleView.swift in Sources */ = {isa = PBXBuildFile; fileRef = BF8502D624714E630070D0F5 /* EditButtonExampleView.swift */; };
		BF8502D92471532A0070D0F5 /* MainView.swift in Sources */ = {isa = PBXBuildFile; fileRef = BF8502D82471532A0070D0F5 /* MainView.swift */; };
		BF8502DB247154D60070D0F5 /* NavigationViewExample.swift in Sources */ = {isa = PBXBuildFile; fileRef = BF8502DA247154D60070D0F5 /* NavigationViewExample.swift */; };
		BF8502DD2471566B0070D0F5 /* PickerExampleView.swift in Sources */ = {isa = PBXBuildFile; fileRef = BF8502DC2471566B0070D0F5 /* PickerExampleView.swift */; };
		BF8502DF247157EA0070D0F5 /* ScrollViewExample.swift in Sources */ = {isa = PBXBuildFile; fileRef = BF8502DE247157EA0070D0F5 /* ScrollViewExample.swift */; };
		BF8502E1247159800070D0F5 /* ButtonExampleView.swift in Sources */ = {isa = PBXBuildFile; fileRef = BF8502E0247159800070D0F5 /* ButtonExampleView.swift */; };
		BF8502E3247159950070D0F5 /* DatePickerExampleView.swift in Sources */ = {isa = PBXBuildFile; fileRef = BF8502E2247159950070D0F5 /* DatePickerExampleView.swift */; };
		BF8502E5247159A70070D0F5 /* ListExampleView.swift in Sources */ = {isa = PBXBuildFile; fileRef = BF8502E4247159A70070D0F5 /* ListExampleView.swift */; };
		BF8502E724715A960070D0F5 /* TextFieldExampleView.swift in Sources */ = {isa = PBXBuildFile; fileRef = BF8502E624715A960070D0F5 /* TextFieldExampleView.swift */; };
		BF8502EB24715B4D0070D0F5 /* SliderExampleView.swift in Sources */ = {isa = PBXBuildFile; fileRef = BF8502EA24715B4D0070D0F5 /* SliderExampleView.swift */; };
		BF8502ED24715C8D0070D0F5 /* StepperExampleView.swift in Sources */ = {isa = PBXBuildFile; fileRef = BF8502EC24715C8D0070D0F5 /* StepperExampleView.swift */; };
		BF90EA87247041DF00FCF16D /* SwiftUISwitchView.swift in Sources */ = {isa = PBXBuildFile; fileRef = BF90EA86247041DF00FCF16D /* SwiftUISwitchView.swift */; };
		BF90EA8924710F2100FCF16D /* EnvironmentView.swift in Sources */ = {isa = PBXBuildFile; fileRef = BF90EA8824710F2100FCF16D /* EnvironmentView.swift */; };
		BF90EA8B2471148700FCF16D /* ChartExampleView.swift in Sources */ = {isa = PBXBuildFile; fileRef = BF90EA8A2471148700FCF16D /* ChartExampleView.swift */; };
		BF90EA8D247121B200FCF16D /* ImagePickerView.swift in Sources */ = {isa = PBXBuildFile; fileRef = BF90EA8C247121B200FCF16D /* ImagePickerView.swift */; };
		BF90EA90247125B200FCF16D /* ImagePickerView in Frameworks */ = {isa = PBXBuildFile; productRef = BF90EA8F247125B200FCF16D /* ImagePickerView */; };
		BF90EA922471297100FCF16D /* AccountView.swift in Sources */ = {isa = PBXBuildFile; fileRef = BF90EA912471297100FCF16D /* AccountView.swift */; };
		BF90EAC624712C5400FCF16D /* CoreDataStack.swift in Sources */ = {isa = PBXBuildFile; fileRef = BF90EAC524712C5400FCF16D /* CoreDataStack.swift */; };
		BF90EACA24712CC600FCF16D /* PlaygroundModel.xcdatamodeld in Sources */ = {isa = PBXBuildFile; fileRef = BF90EAC824712CC600FCF16D /* PlaygroundModel.xcdatamodeld */; };
		BF90EACD24712D0200FCF16D /* Todo+CoreDataClass.swift in Sources */ = {isa = PBXBuildFile; fileRef = BF90EACB24712D0200FCF16D /* Todo+CoreDataClass.swift */; };
		BF90EAD224712D4900FCF16D /* TodosView.swift in Sources */ = {isa = PBXBuildFile; fileRef = BF90EAD124712D4900FCF16D /* TodosView.swift */; };
		BF90EB0A2471459200FCF16D /* Data.swift in Sources */ = {isa = PBXBuildFile; fileRef = BF90EAD62471459100FCF16D /* Data.swift */; };
		BF90EB0B2471459200FCF16D /* Profile.swift in Sources */ = {isa = PBXBuildFile; fileRef = BF90EAD72471459100FCF16D /* Profile.swift */; };
		BF90EB0C2471459200FCF16D /* UserData.swift in Sources */ = {isa = PBXBuildFile; fileRef = BF90EAD82471459100FCF16D /* UserData.swift */; };
		BF90EB0D2471459200FCF16D /* Hike.swift in Sources */ = {isa = PBXBuildFile; fileRef = BF90EAD92471459100FCF16D /* Hike.swift */; };
		BF90EB0E2471459200FCF16D /* Landmark.swift in Sources */ = {isa = PBXBuildFile; fileRef = BF90EADA2471459100FCF16D /* Landmark.swift */; };
		BF90EB0F2471459200FCF16D /* turtlerock_feature.jpg in Resources */ = {isa = PBXBuildFile; fileRef = BF90EADC2471459200FCF16D /* turtlerock_feature.jpg */; };
		BF90EB102471459200FCF16D /* charleyrivers.jpg in Resources */ = {isa = PBXBuildFile; fileRef = BF90EADD2471459200FCF16D /* charleyrivers.jpg */; };
		BF90EB112471459200FCF16D /* turtlerock.jpg in Resources */ = {isa = PBXBuildFile; fileRef = BF90EADE2471459200FCF16D /* turtlerock.jpg */; };
		BF90EB122471459200FCF16D /* silversalmoncreek.jpg in Resources */ = {isa = PBXBuildFile; fileRef = BF90EADF2471459200FCF16D /* silversalmoncreek.jpg */; };
		BF90EB132471459200FCF16D /* hikeData.json in Resources */ = {isa = PBXBuildFile; fileRef = BF90EAE02471459200FCF16D /* hikeData.json */; };
		BF90EB142471459200FCF16D /* icybay.jpg in Resources */ = {isa = PBXBuildFile; fileRef = BF90EAE12471459200FCF16D /* icybay.jpg */; };
		BF90EB152471459200FCF16D /* lakemcdonald.jpg in Resources */ = {isa = PBXBuildFile; fileRef = BF90EAE22471459200FCF16D /* lakemcdonald.jpg */; };
		BF90EB162471459200FCF16D /* hiddenlake.jpg in Resources */ = {isa = PBXBuildFile; fileRef = BF90EAE32471459200FCF16D /* hiddenlake.jpg */; };
		BF90EB172471459200FCF16D /* twinlake.jpg in Resources */ = {isa = PBXBuildFile; fileRef = BF90EAE42471459200FCF16D /* twinlake.jpg */; };
		BF90EB182471459200FCF16D /* charleyrivers_feature.jpg in Resources */ = {isa = PBXBuildFile; fileRef = BF90EAE52471459200FCF16D /* charleyrivers_feature.jpg */; };
		BF90EB192471459200FCF16D /* umbagog.jpg in Resources */ = {isa = PBXBuildFile; fileRef = BF90EAE62471459200FCF16D /* umbagog.jpg */; };
		BF90EB1A2471459200FCF16D /* landmarkData.json in Resources */ = {isa = PBXBuildFile; fileRef = BF90EAE72471459200FCF16D /* landmarkData.json */; };
		BF90EB1B2471459200FCF16D /* chincoteague.jpg in Resources */ = {isa = PBXBuildFile; fileRef = BF90EAE82471459200FCF16D /* chincoteague.jpg */; };
		BF90EB1C2471459200FCF16D /* stmarylake.jpg in Resources */ = {isa = PBXBuildFile; fileRef = BF90EAE92471459200FCF16D /* stmarylake.jpg */; };
		BF90EB1D2471459200FCF16D /* chilkoottrail.jpg in Resources */ = {isa = PBXBuildFile; fileRef = BF90EAEA2471459200FCF16D /* chilkoottrail.jpg */; };
		BF90EB1E2471459200FCF16D /* stmarylake_feature.jpg in Resources */ = {isa = PBXBuildFile; fileRef = BF90EAEB2471459200FCF16D /* stmarylake_feature.jpg */; };
		BF90EB1F2471459200FCF16D /* rainbowlake.jpg in Resources */ = {isa = PBXBuildFile; fileRef = BF90EAEC2471459200FCF16D /* rainbowlake.jpg */; };
		BF90EB202471459200FCF16D /* PageControl.swift in Sources */ = {isa = PBXBuildFile; fileRef = BF90EAEE2471459200FCF16D /* PageControl.swift */; };
		BF90EB212471459200FCF16D /* Home.swift in Sources */ = {isa = PBXBuildFile; fileRef = BF90EAEF2471459200FCF16D /* Home.swift */; };
		BF90EB222471459200FCF16D /* CategoryRow.swift in Sources */ = {isa = PBXBuildFile; fileRef = BF90EAF02471459200FCF16D /* CategoryRow.swift */; };
		BF90EB232471459200FCF16D /* PageViewController.swift in Sources */ = {isa = PBXBuildFile; fileRef = BF90EAF12471459200FCF16D /* PageViewController.swift */; };
		BF90EB242471459200FCF16D /* PageView.swift in Sources */ = {isa = PBXBuildFile; fileRef = BF90EAF22471459200FCF16D /* PageView.swift */; };
		BF90EB252471459200FCF16D /* ProfileSummary.swift in Sources */ = {isa = PBXBuildFile; fileRef = BF90EAF42471459200FCF16D /* ProfileSummary.swift */; };
		BF90EB262471459200FCF16D /* ProfileEditor.swift in Sources */ = {isa = PBXBuildFile; fileRef = BF90EAF52471459200FCF16D /* ProfileEditor.swift */; };
		BF90EB272471459200FCF16D /* ProfileHost.swift in Sources */ = {isa = PBXBuildFile; fileRef = BF90EAF62471459200FCF16D /* ProfileHost.swift */; };
		BF90EB282471459200FCF16D /* FeatureCard.swift in Sources */ = {isa = PBXBuildFile; fileRef = BF90EAF82471459200FCF16D /* FeatureCard.swift */; };
		BF90EB292471459200FCF16D /* RotatedBadgeSymbol.swift in Sources */ = {isa = PBXBuildFile; fileRef = BF90EAF92471459200FCF16D /* RotatedBadgeSymbol.swift */; };
		BF90EB2A2471459200FCF16D /* MapView.swift in Sources */ = {isa = PBXBuildFile; fileRef = BF90EAFA2471459200FCF16D /* MapView.swift */; };
		BF90EB2B2471459200FCF16D /* CircleImage.swift in Sources */ = {isa = PBXBuildFile; fileRef = BF90EAFB2471459200FCF16D /* CircleImage.swift */; };
		BF90EB2C2471459200FCF16D /* BadgeSymbol.swift in Sources */ = {isa = PBXBuildFile; fileRef = BF90EAFC2471459200FCF16D /* BadgeSymbol.swift */; };
		BF90EB2D2471459200FCF16D /* BadgeBackground.swift in Sources */ = {isa = PBXBuildFile; fileRef = BF90EAFD2471459200FCF16D /* BadgeBackground.swift */; };
		BF90EB2E2471459200FCF16D /* Badge.swift in Sources */ = {isa = PBXBuildFile; fileRef = BF90EAFE2471459200FCF16D /* Badge.swift */; };
		BF90EB2F2471459200FCF16D /* LandmarkList.swift in Sources */ = {isa = PBXBuildFile; fileRef = BF90EB002471459200FCF16D /* LandmarkList.swift */; };
		BF90EB302471459200FCF16D /* LandmarkDetail.swift in Sources */ = {isa = PBXBuildFile; fileRef = BF90EB012471459200FCF16D /* LandmarkDetail.swift */; };
		BF90EB312471459200FCF16D /* LandmarkRow.swift in Sources */ = {isa = PBXBuildFile; fileRef = BF90EB022471459200FCF16D /* LandmarkRow.swift */; };
		BF90EB322471459200FCF16D /* GraphCapsule.swift in Sources */ = {isa = PBXBuildFile; fileRef = BF90EB042471459200FCF16D /* GraphCapsule.swift */; };
		BF90EB332471459200FCF16D /* HikeGraph.swift in Sources */ = {isa = PBXBuildFile; fileRef = BF90EB052471459200FCF16D /* HikeGraph.swift */; };
		BF90EB342471459200FCF16D /* HikeBadge.swift in Sources */ = {isa = PBXBuildFile; fileRef = BF90EB062471459200FCF16D /* HikeBadge.swift */; };
		BF90EB352471459200FCF16D /* HikeDetail.swift in Sources */ = {isa = PBXBuildFile; fileRef = BF90EB072471459200FCF16D /* HikeDetail.swift */; };
		BF90EB362471459200FCF16D /* HexagonParameters.swift in Sources */ = {isa = PBXBuildFile; fileRef = BF90EB082471459200FCF16D /* HexagonParameters.swift */; };
		BF90EB372471459200FCF16D /* HikeView.swift in Sources */ = {isa = PBXBuildFile; fileRef = BF90EB092471459200FCF16D /* HikeView.swift */; };
		BF90EB392471465200FCF16D /* ContactFormView.swift in Sources */ = {isa = PBXBuildFile; fileRef = BF90EB382471465200FCF16D /* ContactFormView.swift */; };
		BFDBD5BC246FEAB0000B8CB5 /* KeyboardAware in Frameworks */ = {isa = PBXBuildFile; productRef = BFDBD5BB246FEAB0000B8CB5 /* KeyboardAware */; };
		BFDBD5BE2470385A000B8CB5 /* DragGestureView.swift in Sources */ = {isa = PBXBuildFile; fileRef = BFDBD5BD2470385A000B8CB5 /* DragGestureView.swift */; };
		BFF8F84D246FA10B0034DA9E /* AppDelegate.swift in Sources */ = {isa = PBXBuildFile; fileRef = BFF8F84C246FA10B0034DA9E /* AppDelegate.swift */; };
		BFF8F84F246FA10B0034DA9E /* SceneDelegate.swift in Sources */ = {isa = PBXBuildFile; fileRef = BFF8F84E246FA10B0034DA9E /* SceneDelegate.swift */; };
		BFF8F851246FA10B0034DA9E /* ClipImageSquareView.swift in Sources */ = {isa = PBXBuildFile; fileRef = BFF8F850246FA10B0034DA9E /* ClipImageSquareView.swift */; };
		BFF8F853246FA10D0034DA9E /* Assets.xcassets in Resources */ = {isa = PBXBuildFile; fileRef = BFF8F852246FA10D0034DA9E /* Assets.xcassets */; };
		BFF8F856246FA10D0034DA9E /* Preview Assets.xcassets in Resources */ = {isa = PBXBuildFile; fileRef = BFF8F855246FA10D0034DA9E /* Preview Assets.xcassets */; };
		BFF8F859246FA10D0034DA9E /* LaunchScreen.storyboard in Resources */ = {isa = PBXBuildFile; fileRef = BFF8F857246FA10D0034DA9E /* LaunchScreen.storyboard */; };
		BFF8F864246FA10D0034DA9E /* SwiftUIPlaygroundTests.swift in Sources */ = {isa = PBXBuildFile; fileRef = BFF8F863246FA10D0034DA9E /* SwiftUIPlaygroundTests.swift */; };
		BFF8F870246FA5680034DA9E /* README.md in Resources */ = {isa = PBXBuildFile; fileRef = BFF8F86F246FA5680034DA9E /* README.md */; };
		BFF8F872246FA8380034DA9E /* ConditionalDatePickerView.swift in Sources */ = {isa = PBXBuildFile; fileRef = BFF8F871246FA8380034DA9E /* ConditionalDatePickerView.swift */; };
		BFF8F874246FABD90034DA9E /* SizedUIViewRepresentableView.swift in Sources */ = {isa = PBXBuildFile; fileRef = BFF8F873246FABD90034DA9E /* SizedUIViewRepresentableView.swift */; };
		BFF8F876246FB0120034DA9E /* LinkedStateChangeView.swift in Sources */ = {isa = PBXBuildFile; fileRef = BFF8F875246FB0120034DA9E /* LinkedStateChangeView.swift */; };
		BFF8F878246FB5CA0034DA9E /* ColorCycleView.swift in Sources */ = {isa = PBXBuildFile; fileRef = BFF8F877246FB5CA0034DA9E /* ColorCycleView.swift */; };
		BFF8F87A246FB8280034DA9E /* PlayersProgressView.swift in Sources */ = {isa = PBXBuildFile; fileRef = BFF8F879246FB8280034DA9E /* PlayersProgressView.swift */; };
		BFF8F87C246FD8170034DA9E /* KeyboardAwareView.swift in Sources */ = {isa = PBXBuildFile; fileRef = BFF8F87B246FD8170034DA9E /* KeyboardAwareView.swift */; };
/* End PBXBuildFile section */

/* Begin PBXContainerItemProxy section */
		BFF8F860246FA10D0034DA9E /* PBXContainerItemProxy */ = {
			isa = PBXContainerItemProxy;
			containerPortal = BFF8F841246FA10B0034DA9E /* Project object */;
			proxyType = 1;
			remoteGlobalIDString = BFF8F848246FA10B0034DA9E;
			remoteInfo = SwiftUIPlayground;
		};
/* End PBXContainerItemProxy section */

/* Begin PBXFileReference section */
		BF6F691724715E0F00658F64 /* TextExampleView.swift */ = {isa = PBXFileReference; lastKnownFileType = sourcecode.swift; path = TextExampleView.swift; sourceTree = "<group>"; };
		BF6F691924715E8300658F64 /* ToggleExampleView.swift */ = {isa = PBXFileReference; lastKnownFileType = sourcecode.swift; path = ToggleExampleView.swift; sourceTree = "<group>"; };
		BF6F691B24716BB000658F64 /* ImageExampleView.swift */ = {isa = PBXFileReference; lastKnownFileType = sourcecode.swift; path = ImageExampleView.swift; sourceTree = "<group>"; };
		BF8502D2247148AB0070D0F5 /* Date+Extensions.swift */ = {isa = PBXFileReference; lastKnownFileType = sourcecode.swift; path = "Date+Extensions.swift"; sourceTree = "<group>"; };
		BF8502D424714A580070D0F5 /* AllWidgetsView.swift */ = {isa = PBXFileReference; lastKnownFileType = sourcecode.swift; path = AllWidgetsView.swift; sourceTree = "<group>"; };
		BF8502D624714E630070D0F5 /* EditButtonExampleView.swift */ = {isa = PBXFileReference; lastKnownFileType = sourcecode.swift; path = EditButtonExampleView.swift; sourceTree = "<group>"; };
		BF8502D82471532A0070D0F5 /* MainView.swift */ = {isa = PBXFileReference; lastKnownFileType = sourcecode.swift; path = MainView.swift; sourceTree = "<group>"; };
		BF8502DA247154D60070D0F5 /* NavigationViewExample.swift */ = {isa = PBXFileReference; lastKnownFileType = sourcecode.swift; path = NavigationViewExample.swift; sourceTree = "<group>"; };
		BF8502DC2471566B0070D0F5 /* PickerExampleView.swift */ = {isa = PBXFileReference; lastKnownFileType = sourcecode.swift; path = PickerExampleView.swift; sourceTree = "<group>"; };
		BF8502DE247157EA0070D0F5 /* ScrollViewExample.swift */ = {isa = PBXFileReference; lastKnownFileType = sourcecode.swift; path = ScrollViewExample.swift; sourceTree = "<group>"; };
		BF8502E0247159800070D0F5 /* ButtonExampleView.swift */ = {isa = PBXFileReference; lastKnownFileType = sourcecode.swift; path = ButtonExampleView.swift; sourceTree = "<group>"; };
		BF8502E2247159950070D0F5 /* DatePickerExampleView.swift */ = {isa = PBXFileReference; lastKnownFileType = sourcecode.swift; path = DatePickerExampleView.swift; sourceTree = "<group>"; };
		BF8502E4247159A70070D0F5 /* ListExampleView.swift */ = {isa = PBXFileReference; lastKnownFileType = sourcecode.swift; path = ListExampleView.swift; sourceTree = "<group>"; };
		BF8502E624715A960070D0F5 /* TextFieldExampleView.swift */ = {isa = PBXFileReference; lastKnownFileType = sourcecode.swift; path = TextFieldExampleView.swift; sourceTree = "<group>"; };
		BF8502EA24715B4D0070D0F5 /* SliderExampleView.swift */ = {isa = PBXFileReference; lastKnownFileType = sourcecode.swift; path = SliderExampleView.swift; sourceTree = "<group>"; };
		BF8502EC24715C8D0070D0F5 /* StepperExampleView.swift */ = {isa = PBXFileReference; lastKnownFileType = sourcecode.swift; path = StepperExampleView.swift; sourceTree = "<group>"; };
		BF90EA86247041DF00FCF16D /* SwiftUISwitchView.swift */ = {isa = PBXFileReference; lastKnownFileType = sourcecode.swift; path = SwiftUISwitchView.swift; sourceTree = "<group>"; };
		BF90EA8824710F2100FCF16D /* EnvironmentView.swift */ = {isa = PBXFileReference; lastKnownFileType = sourcecode.swift; path = EnvironmentView.swift; sourceTree = "<group>"; };
		BF90EA8A2471148700FCF16D /* ChartExampleView.swift */ = {isa = PBXFileReference; lastKnownFileType = sourcecode.swift; path = ChartExampleView.swift; sourceTree = "<group>"; };
		BF90EA8C247121B200FCF16D /* ImagePickerView.swift */ = {isa = PBXFileReference; lastKnownFileType = sourcecode.swift; path = ImagePickerView.swift; sourceTree = "<group>"; };
		BF90EA912471297100FCF16D /* AccountView.swift */ = {isa = PBXFileReference; lastKnownFileType = sourcecode.swift; path = AccountView.swift; sourceTree = "<group>"; };
		BF90EAC524712C5400FCF16D /* CoreDataStack.swift */ = {isa = PBXFileReference; lastKnownFileType = sourcecode.swift; path = CoreDataStack.swift; sourceTree = "<group>"; };
		BF90EAC924712CC600FCF16D /* PlaygroundModel.xcdatamodel */ = {isa = PBXFileReference; lastKnownFileType = wrapper.xcdatamodel; path = PlaygroundModel.xcdatamodel; sourceTree = "<group>"; };
		BF90EACB24712D0200FCF16D /* Todo+CoreDataClass.swift */ = {isa = PBXFileReference; lastKnownFileType = sourcecode.swift; path = "Todo+CoreDataClass.swift"; sourceTree = "<group>"; };
		BF90EAD124712D4900FCF16D /* TodosView.swift */ = {isa = PBXFileReference; lastKnownFileType = sourcecode.swift; path = TodosView.swift; sourceTree = "<group>"; };
		BF90EAD62471459100FCF16D /* Data.swift */ = {isa = PBXFileReference; fileEncoding = 4; lastKnownFileType = sourcecode.swift; path = Data.swift; sourceTree = "<group>"; };
		BF90EAD72471459100FCF16D /* Profile.swift */ = {isa = PBXFileReference; fileEncoding = 4; lastKnownFileType = sourcecode.swift; path = Profile.swift; sourceTree = "<group>"; };
		BF90EAD82471459100FCF16D /* UserData.swift */ = {isa = PBXFileReference; fileEncoding = 4; lastKnownFileType = sourcecode.swift; path = UserData.swift; sourceTree = "<group>"; };
		BF90EAD92471459100FCF16D /* Hike.swift */ = {isa = PBXFileReference; fileEncoding = 4; lastKnownFileType = sourcecode.swift; path = Hike.swift; sourceTree = "<group>"; };
		BF90EADA2471459100FCF16D /* Landmark.swift */ = {isa = PBXFileReference; fileEncoding = 4; lastKnownFileType = sourcecode.swift; path = Landmark.swift; sourceTree = "<group>"; };
		BF90EADC2471459200FCF16D /* turtlerock_feature.jpg */ = {isa = PBXFileReference; lastKnownFileType = image.jpeg; path = turtlerock_feature.jpg; sourceTree = "<group>"; };
		BF90EADD2471459200FCF16D /* charleyrivers.jpg */ = {isa = PBXFileReference; lastKnownFileType = image.jpeg; path = charleyrivers.jpg; sourceTree = "<group>"; };
		BF90EADE2471459200FCF16D /* turtlerock.jpg */ = {isa = PBXFileReference; lastKnownFileType = image.jpeg; path = turtlerock.jpg; sourceTree = "<group>"; };
		BF90EADF2471459200FCF16D /* silversalmoncreek.jpg */ = {isa = PBXFileReference; lastKnownFileType = image.jpeg; path = silversalmoncreek.jpg; sourceTree = "<group>"; };
		BF90EAE02471459200FCF16D /* hikeData.json */ = {isa = PBXFileReference; fileEncoding = 4; lastKnownFileType = text.json; path = hikeData.json; sourceTree = "<group>"; };
		BF90EAE12471459200FCF16D /* icybay.jpg */ = {isa = PBXFileReference; lastKnownFileType = image.jpeg; path = icybay.jpg; sourceTree = "<group>"; };
		BF90EAE22471459200FCF16D /* lakemcdonald.jpg */ = {isa = PBXFileReference; lastKnownFileType = image.jpeg; path = lakemcdonald.jpg; sourceTree = "<group>"; };
		BF90EAE32471459200FCF16D /* hiddenlake.jpg */ = {isa = PBXFileReference; lastKnownFileType = image.jpeg; path = hiddenlake.jpg; sourceTree = "<group>"; };
		BF90EAE42471459200FCF16D /* twinlake.jpg */ = {isa = PBXFileReference; lastKnownFileType = image.jpeg; path = twinlake.jpg; sourceTree = "<group>"; };
		BF90EAE52471459200FCF16D /* charleyrivers_feature.jpg */ = {isa = PBXFileReference; lastKnownFileType = image.jpeg; path = charleyrivers_feature.jpg; sourceTree = "<group>"; };
		BF90EAE62471459200FCF16D /* umbagog.jpg */ = {isa = PBXFileReference; lastKnownFileType = image.jpeg; path = umbagog.jpg; sourceTree = "<group>"; };
		BF90EAE72471459200FCF16D /* landmarkData.json */ = {isa = PBXFileReference; fileEncoding = 4; lastKnownFileType = text.json; path = landmarkData.json; sourceTree = "<group>"; };
		BF90EAE82471459200FCF16D /* chincoteague.jpg */ = {isa = PBXFileReference; lastKnownFileType = image.jpeg; path = chincoteague.jpg; sourceTree = "<group>"; };
		BF90EAE92471459200FCF16D /* stmarylake.jpg */ = {isa = PBXFileReference; lastKnownFileType = image.jpeg; path = stmarylake.jpg; sourceTree = "<group>"; };
		BF90EAEA2471459200FCF16D /* chilkoottrail.jpg */ = {isa = PBXFileReference; lastKnownFileType = image.jpeg; path = chilkoottrail.jpg; sourceTree = "<group>"; };
		BF90EAEB2471459200FCF16D /* stmarylake_feature.jpg */ = {isa = PBXFileReference; lastKnownFileType = image.jpeg; path = stmarylake_feature.jpg; sourceTree = "<group>"; };
		BF90EAEC2471459200FCF16D /* rainbowlake.jpg */ = {isa = PBXFileReference; lastKnownFileType = image.jpeg; path = rainbowlake.jpg; sourceTree = "<group>"; };
		BF90EAEE2471459200FCF16D /* PageControl.swift */ = {isa = PBXFileReference; fileEncoding = 4; lastKnownFileType = sourcecode.swift; path = PageControl.swift; sourceTree = "<group>"; };
		BF90EAEF2471459200FCF16D /* Home.swift */ = {isa = PBXFileReference; fileEncoding = 4; lastKnownFileType = sourcecode.swift; path = Home.swift; sourceTree = "<group>"; };
		BF90EAF02471459200FCF16D /* CategoryRow.swift */ = {isa = PBXFileReference; fileEncoding = 4; lastKnownFileType = sourcecode.swift; path = CategoryRow.swift; sourceTree = "<group>"; };
		BF90EAF12471459200FCF16D /* PageViewController.swift */ = {isa = PBXFileReference; fileEncoding = 4; lastKnownFileType = sourcecode.swift; path = PageViewController.swift; sourceTree = "<group>"; };
		BF90EAF22471459200FCF16D /* PageView.swift */ = {isa = PBXFileReference; fileEncoding = 4; lastKnownFileType = sourcecode.swift; path = PageView.swift; sourceTree = "<group>"; };
		BF90EAF42471459200FCF16D /* ProfileSummary.swift */ = {isa = PBXFileReference; fileEncoding = 4; lastKnownFileType = sourcecode.swift; path = ProfileSummary.swift; sourceTree = "<group>"; };
		BF90EAF52471459200FCF16D /* ProfileEditor.swift */ = {isa = PBXFileReference; fileEncoding = 4; lastKnownFileType = sourcecode.swift; path = ProfileEditor.swift; sourceTree = "<group>"; };
		BF90EAF62471459200FCF16D /* ProfileHost.swift */ = {isa = PBXFileReference; fileEncoding = 4; lastKnownFileType = sourcecode.swift; path = ProfileHost.swift; sourceTree = "<group>"; };
		BF90EAF82471459200FCF16D /* FeatureCard.swift */ = {isa = PBXFileReference; fileEncoding = 4; lastKnownFileType = sourcecode.swift; path = FeatureCard.swift; sourceTree = "<group>"; };
		BF90EAF92471459200FCF16D /* RotatedBadgeSymbol.swift */ = {isa = PBXFileReference; fileEncoding = 4; lastKnownFileType = sourcecode.swift; path = RotatedBadgeSymbol.swift; sourceTree = "<group>"; };
		BF90EAFA2471459200FCF16D /* MapView.swift */ = {isa = PBXFileReference; fileEncoding = 4; lastKnownFileType = sourcecode.swift; path = MapView.swift; sourceTree = "<group>"; };
		BF90EAFB2471459200FCF16D /* CircleImage.swift */ = {isa = PBXFileReference; fileEncoding = 4; lastKnownFileType = sourcecode.swift; path = CircleImage.swift; sourceTree = "<group>"; };
		BF90EAFC2471459200FCF16D /* BadgeSymbol.swift */ = {isa = PBXFileReference; fileEncoding = 4; lastKnownFileType = sourcecode.swift; path = BadgeSymbol.swift; sourceTree = "<group>"; };
		BF90EAFD2471459200FCF16D /* BadgeBackground.swift */ = {isa = PBXFileReference; fileEncoding = 4; lastKnownFileType = sourcecode.swift; path = BadgeBackground.swift; sourceTree = "<group>"; };
		BF90EAFE2471459200FCF16D /* Badge.swift */ = {isa = PBXFileReference; fileEncoding = 4; lastKnownFileType = sourcecode.swift; path = Badge.swift; sourceTree = "<group>"; };
		BF90EB002471459200FCF16D /* LandmarkList.swift */ = {isa = PBXFileReference; fileEncoding = 4; lastKnownFileType = sourcecode.swift; path = LandmarkList.swift; sourceTree = "<group>"; };
		BF90EB012471459200FCF16D /* LandmarkDetail.swift */ = {isa = PBXFileReference; fileEncoding = 4; lastKnownFileType = sourcecode.swift; path = LandmarkDetail.swift; sourceTree = "<group>"; };
		BF90EB022471459200FCF16D /* LandmarkRow.swift */ = {isa = PBXFileReference; fileEncoding = 4; lastKnownFileType = sourcecode.swift; path = LandmarkRow.swift; sourceTree = "<group>"; };
		BF90EB042471459200FCF16D /* GraphCapsule.swift */ = {isa = PBXFileReference; fileEncoding = 4; lastKnownFileType = sourcecode.swift; path = GraphCapsule.swift; sourceTree = "<group>"; };
		BF90EB052471459200FCF16D /* HikeGraph.swift */ = {isa = PBXFileReference; fileEncoding = 4; lastKnownFileType = sourcecode.swift; path = HikeGraph.swift; sourceTree = "<group>"; };
		BF90EB062471459200FCF16D /* HikeBadge.swift */ = {isa = PBXFileReference; fileEncoding = 4; lastKnownFileType = sourcecode.swift; path = HikeBadge.swift; sourceTree = "<group>"; };
		BF90EB072471459200FCF16D /* HikeDetail.swift */ = {isa = PBXFileReference; fileEncoding = 4; lastKnownFileType = sourcecode.swift; path = HikeDetail.swift; sourceTree = "<group>"; };
		BF90EB082471459200FCF16D /* HexagonParameters.swift */ = {isa = PBXFileReference; fileEncoding = 4; lastKnownFileType = sourcecode.swift; path = HexagonParameters.swift; sourceTree = "<group>"; };
		BF90EB092471459200FCF16D /* HikeView.swift */ = {isa = PBXFileReference; fileEncoding = 4; lastKnownFileType = sourcecode.swift; path = HikeView.swift; sourceTree = "<group>"; };
		BF90EB382471465200FCF16D /* ContactFormView.swift */ = {isa = PBXFileReference; lastKnownFileType = sourcecode.swift; path = ContactFormView.swift; sourceTree = "<group>"; };
		BFDBD5BD2470385A000B8CB5 /* DragGestureView.swift */ = {isa = PBXFileReference; lastKnownFileType = sourcecode.swift; path = DragGestureView.swift; sourceTree = "<group>"; };
		BFF8F849246FA10B0034DA9E /* SwiftUIPlayground.app */ = {isa = PBXFileReference; explicitFileType = wrapper.application; includeInIndex = 0; path = SwiftUIPlayground.app; sourceTree = BUILT_PRODUCTS_DIR; };
		BFF8F84C246FA10B0034DA9E /* AppDelegate.swift */ = {isa = PBXFileReference; lastKnownFileType = sourcecode.swift; path = AppDelegate.swift; sourceTree = "<group>"; };
		BFF8F84E246FA10B0034DA9E /* SceneDelegate.swift */ = {isa = PBXFileReference; lastKnownFileType = sourcecode.swift; path = SceneDelegate.swift; sourceTree = "<group>"; };
		BFF8F850246FA10B0034DA9E /* ClipImageSquareView.swift */ = {isa = PBXFileReference; lastKnownFileType = sourcecode.swift; path = ClipImageSquareView.swift; sourceTree = "<group>"; };
		BFF8F852246FA10D0034DA9E /* Assets.xcassets */ = {isa = PBXFileReference; lastKnownFileType = folder.assetcatalog; path = Assets.xcassets; sourceTree = "<group>"; };
		BFF8F855246FA10D0034DA9E /* Preview Assets.xcassets */ = {isa = PBXFileReference; lastKnownFileType = folder.assetcatalog; path = "Preview Assets.xcassets"; sourceTree = "<group>"; };
		BFF8F858246FA10D0034DA9E /* Base */ = {isa = PBXFileReference; lastKnownFileType = file.storyboard; name = Base; path = Base.lproj/LaunchScreen.storyboard; sourceTree = "<group>"; };
		BFF8F85A246FA10D0034DA9E /* Info.plist */ = {isa = PBXFileReference; lastKnownFileType = text.plist.xml; path = Info.plist; sourceTree = "<group>"; };
		BFF8F85F246FA10D0034DA9E /* SwiftUIPlaygroundTests.xctest */ = {isa = PBXFileReference; explicitFileType = wrapper.cfbundle; includeInIndex = 0; path = SwiftUIPlaygroundTests.xctest; sourceTree = BUILT_PRODUCTS_DIR; };
		BFF8F863246FA10D0034DA9E /* SwiftUIPlaygroundTests.swift */ = {isa = PBXFileReference; lastKnownFileType = sourcecode.swift; path = SwiftUIPlaygroundTests.swift; sourceTree = "<group>"; };
		BFF8F865246FA10D0034DA9E /* Info.plist */ = {isa = PBXFileReference; lastKnownFileType = text.plist.xml; path = Info.plist; sourceTree = "<group>"; };
		BFF8F86F246FA5680034DA9E /* README.md */ = {isa = PBXFileReference; fileEncoding = 4; lastKnownFileType = net.daringfireball.markdown; path = README.md; sourceTree = "<group>"; };
		BFF8F871246FA8380034DA9E /* ConditionalDatePickerView.swift */ = {isa = PBXFileReference; lastKnownFileType = sourcecode.swift; path = ConditionalDatePickerView.swift; sourceTree = "<group>"; };
		BFF8F873246FABD90034DA9E /* SizedUIViewRepresentableView.swift */ = {isa = PBXFileReference; lastKnownFileType = sourcecode.swift; path = SizedUIViewRepresentableView.swift; sourceTree = "<group>"; };
		BFF8F875246FB0120034DA9E /* LinkedStateChangeView.swift */ = {isa = PBXFileReference; lastKnownFileType = sourcecode.swift; path = LinkedStateChangeView.swift; sourceTree = "<group>"; };
		BFF8F877246FB5CA0034DA9E /* ColorCycleView.swift */ = {isa = PBXFileReference; lastKnownFileType = sourcecode.swift; path = ColorCycleView.swift; sourceTree = "<group>"; };
		BFF8F879246FB8280034DA9E /* PlayersProgressView.swift */ = {isa = PBXFileReference; lastKnownFileType = sourcecode.swift; path = PlayersProgressView.swift; sourceTree = "<group>"; };
		BFF8F87B246FD8170034DA9E /* KeyboardAwareView.swift */ = {isa = PBXFileReference; lastKnownFileType = sourcecode.swift; path = KeyboardAwareView.swift; sourceTree = "<group>"; };
/* End PBXFileReference section */

/* Begin PBXFrameworksBuildPhase section */
		BFF8F846246FA10B0034DA9E /* Frameworks */ = {
			isa = PBXFrameworksBuildPhase;
			buildActionMask = 2147483647;
			files = (
				BFDBD5BC246FEAB0000B8CB5 /* KeyboardAware in Frameworks */,
				BF90EA90247125B200FCF16D /* ImagePickerView in Frameworks */,
			);
			runOnlyForDeploymentPostprocessing = 0;
		};
		BFF8F85C246FA10D0034DA9E /* Frameworks */ = {
			isa = PBXFrameworksBuildPhase;
			buildActionMask = 2147483647;
			files = (
			);
			runOnlyForDeploymentPostprocessing = 0;
		};
/* End PBXFrameworksBuildPhase section */

/* Begin PBXGroup section */
		BF8502D0247148970070D0F5 /* Convenience */ = {
			isa = PBXGroup;
			children = (
				BF8502D2247148AB0070D0F5 /* Date+Extensions.swift */,
			);
			path = Convenience;
			sourceTree = "<group>";
		};
		BF90EAC724712C8300FCF16D /* Models */ = {
			isa = PBXGroup;
			children = (
				BF90EACB24712D0200FCF16D /* Todo+CoreDataClass.swift */,
				BF90EAC524712C5400FCF16D /* CoreDataStack.swift */,
				BF90EAC824712CC600FCF16D /* PlaygroundModel.xcdatamodeld */,
			);
			path = Models;
			sourceTree = "<group>";
		};
		BF90EAD32471452E00FCF16D /* AppleSwiftUITutorials */ = {
			isa = PBXGroup;
			children = (
				BF90EAD42471456B00FCF16D /* Landmarks */,
			);
			path = AppleSwiftUITutorials;
			sourceTree = "<group>";
		};
		BF90EAD42471456B00FCF16D /* Landmarks */ = {
			isa = PBXGroup;
			children = (
				BF90EB032471459200FCF16D /* Hike */,
				BF90EAED2471459200FCF16D /* Home */,
				BF90EAFF2471459200FCF16D /* Landmark Views */,
				BF90EAD52471459100FCF16D /* Models */,
				BF90EAF32471459200FCF16D /* Profile */,
				BF90EADB2471459200FCF16D /* Resources */,
				BF90EAF72471459200FCF16D /* Supporting Views */,
			);
			path = Landmarks;
			sourceTree = "<group>";
		};
		BF90EAD52471459100FCF16D /* Models */ = {
			isa = PBXGroup;
			children = (
				BF90EAD62471459100FCF16D /* Data.swift */,
				BF90EAD72471459100FCF16D /* Profile.swift */,
				BF90EAD82471459100FCF16D /* UserData.swift */,
				BF90EAD92471459100FCF16D /* Hike.swift */,
				BF90EADA2471459100FCF16D /* Landmark.swift */,
			);
			path = Models;
			sourceTree = "<group>";
		};
		BF90EADB2471459200FCF16D /* Resources */ = {
			isa = PBXGroup;
			children = (
				BF90EADC2471459200FCF16D /* turtlerock_feature.jpg */,
				BF90EADD2471459200FCF16D /* charleyrivers.jpg */,
				BF90EADE2471459200FCF16D /* turtlerock.jpg */,
				BF90EADF2471459200FCF16D /* silversalmoncreek.jpg */,
				BF90EAE02471459200FCF16D /* hikeData.json */,
				BF90EAE12471459200FCF16D /* icybay.jpg */,
				BF90EAE22471459200FCF16D /* lakemcdonald.jpg */,
				BF90EAE32471459200FCF16D /* hiddenlake.jpg */,
				BF90EAE42471459200FCF16D /* twinlake.jpg */,
				BF90EAE52471459200FCF16D /* charleyrivers_feature.jpg */,
				BF90EAE62471459200FCF16D /* umbagog.jpg */,
				BF90EAE72471459200FCF16D /* landmarkData.json */,
				BF90EAE82471459200FCF16D /* chincoteague.jpg */,
				BF90EAE92471459200FCF16D /* stmarylake.jpg */,
				BF90EAEA2471459200FCF16D /* chilkoottrail.jpg */,
				BF90EAEB2471459200FCF16D /* stmarylake_feature.jpg */,
				BF90EAEC2471459200FCF16D /* rainbowlake.jpg */,
			);
			path = Resources;
			sourceTree = "<group>";
		};
		BF90EAED2471459200FCF16D /* Home */ = {
			isa = PBXGroup;
			children = (
				BF90EAEE2471459200FCF16D /* PageControl.swift */,
				BF90EAEF2471459200FCF16D /* Home.swift */,
				BF90EAF02471459200FCF16D /* CategoryRow.swift */,
				BF90EAF12471459200FCF16D /* PageViewController.swift */,
				BF90EAF22471459200FCF16D /* PageView.swift */,
			);
			path = Home;
			sourceTree = "<group>";
		};
		BF90EAF32471459200FCF16D /* Profile */ = {
			isa = PBXGroup;
			children = (
				BF90EAF42471459200FCF16D /* ProfileSummary.swift */,
				BF90EAF52471459200FCF16D /* ProfileEditor.swift */,
				BF90EAF62471459200FCF16D /* ProfileHost.swift */,
			);
			path = Profile;
			sourceTree = "<group>";
		};
		BF90EAF72471459200FCF16D /* Supporting Views */ = {
			isa = PBXGroup;
			children = (
				BF90EAF82471459200FCF16D /* FeatureCard.swift */,
				BF90EAF92471459200FCF16D /* RotatedBadgeSymbol.swift */,
				BF90EAFA2471459200FCF16D /* MapView.swift */,
				BF90EAFB2471459200FCF16D /* CircleImage.swift */,
				BF90EAFC2471459200FCF16D /* BadgeSymbol.swift */,
				BF90EAFD2471459200FCF16D /* BadgeBackground.swift */,
				BF90EAFE2471459200FCF16D /* Badge.swift */,
			);
			path = "Supporting Views";
			sourceTree = "<group>";
		};
		BF90EAFF2471459200FCF16D /* Landmark Views */ = {
			isa = PBXGroup;
			children = (
				BF90EB002471459200FCF16D /* LandmarkList.swift */,
				BF90EB012471459200FCF16D /* LandmarkDetail.swift */,
				BF90EB022471459200FCF16D /* LandmarkRow.swift */,
			);
			path = "Landmark Views";
			sourceTree = "<group>";
		};
		BF90EB032471459200FCF16D /* Hike */ = {
			isa = PBXGroup;
			children = (
				BF90EB042471459200FCF16D /* GraphCapsule.swift */,
				BF90EB052471459200FCF16D /* HikeGraph.swift */,
				BF90EB062471459200FCF16D /* HikeBadge.swift */,
				BF90EB072471459200FCF16D /* HikeDetail.swift */,
				BF90EB082471459200FCF16D /* HexagonParameters.swift */,
				BF90EB092471459200FCF16D /* HikeView.swift */,
			);
			path = Hike;
			sourceTree = "<group>";
		};
		BFF8F840246FA10B0034DA9E = {
			isa = PBXGroup;
			children = (
				BFF8F86F246FA5680034DA9E /* README.md */,
				BFF8F84B246FA10B0034DA9E /* SwiftUIPlayground */,
				BFF8F862246FA10D0034DA9E /* SwiftUIPlaygroundTests */,
				BFF8F84A246FA10B0034DA9E /* Products */,
			);
			sourceTree = "<group>";
		};
		BFF8F84A246FA10B0034DA9E /* Products */ = {
			isa = PBXGroup;
			children = (
				BFF8F849246FA10B0034DA9E /* SwiftUIPlayground.app */,
				BFF8F85F246FA10D0034DA9E /* SwiftUIPlaygroundTests.xctest */,
			);
			name = Products;
			sourceTree = "<group>";
		};
		BFF8F84B246FA10B0034DA9E /* SwiftUIPlayground */ = {
			isa = PBXGroup;
			children = (
				BFF8F84C246FA10B0034DA9E /* AppDelegate.swift */,
				BFF8F84E246FA10B0034DA9E /* SceneDelegate.swift */,
				BFF8F852246FA10D0034DA9E /* Assets.xcassets */,
				BFF8F857246FA10D0034DA9E /* LaunchScreen.storyboard */,
				BFF8F85A246FA10D0034DA9E /* Info.plist */,
				BFF8F854246FA10D0034DA9E /* Preview Content */,
				BF90EAC724712C8300FCF16D /* Models */,
				BF8502D0247148970070D0F5 /* Convenience */,
				BFF8F86E246FA3F40034DA9E /* Views */,
				BF90EAD32471452E00FCF16D /* AppleSwiftUITutorials */,
			);
			path = SwiftUIPlayground;
			sourceTree = "<group>";
		};
		BFF8F854246FA10D0034DA9E /* Preview Content */ = {
			isa = PBXGroup;
			children = (
				BFF8F855246FA10D0034DA9E /* Preview Assets.xcassets */,
			);
			path = "Preview Content";
			sourceTree = "<group>";
		};
		BFF8F862246FA10D0034DA9E /* SwiftUIPlaygroundTests */ = {
			isa = PBXGroup;
			children = (
				BFF8F863246FA10D0034DA9E /* SwiftUIPlaygroundTests.swift */,
				BFF8F865246FA10D0034DA9E /* Info.plist */,
			);
			path = SwiftUIPlaygroundTests;
			sourceTree = "<group>";
		};
		BFF8F86E246FA3F40034DA9E /* Views */ = {
			isa = PBXGroup;
			children = (
				BF8502D82471532A0070D0F5 /* MainView.swift */,
				BF8502D424714A580070D0F5 /* AllWidgetsView.swift */,
				BFF8F871246FA8380034DA9E /* ConditionalDatePickerView.swift */,
				BFF8F850246FA10B0034DA9E /* ClipImageSquareView.swift */,
				BFF8F873246FABD90034DA9E /* SizedUIViewRepresentableView.swift */,
				BFF8F875246FB0120034DA9E /* LinkedStateChangeView.swift */,
				BFF8F877246FB5CA0034DA9E /* ColorCycleView.swift */,
				BFF8F879246FB8280034DA9E /* PlayersProgressView.swift */,
				BFF8F87B246FD8170034DA9E /* KeyboardAwareView.swift */,
				BFDBD5BD2470385A000B8CB5 /* DragGestureView.swift */,
				BF90EA86247041DF00FCF16D /* SwiftUISwitchView.swift */,
				BF90EA8824710F2100FCF16D /* EnvironmentView.swift */,
				BF90EA8C247121B200FCF16D /* ImagePickerView.swift */,
				BF90EA8A2471148700FCF16D /* ChartExampleView.swift */,
				BF90EA912471297100FCF16D /* AccountView.swift */,
				BF90EAD124712D4900FCF16D /* TodosView.swift */,
				BF90EB382471465200FCF16D /* ContactFormView.swift */,
				BF8502D624714E630070D0F5 /* EditButtonExampleView.swift */,
				BF8502DA247154D60070D0F5 /* NavigationViewExample.swift */,
				BF8502DC2471566B0070D0F5 /* PickerExampleView.swift */,
				BF8502DE247157EA0070D0F5 /* ScrollViewExample.swift */,
				BF8502E0247159800070D0F5 /* ButtonExampleView.swift */,
				BF8502E2247159950070D0F5 /* DatePickerExampleView.swift */,
				BF8502E4247159A70070D0F5 /* ListExampleView.swift */,
				BF8502E624715A960070D0F5 /* TextFieldExampleView.swift */,
				BF8502EA24715B4D0070D0F5 /* SliderExampleView.swift */,
				BF8502EC24715C8D0070D0F5 /* StepperExampleView.swift */,
				BF6F691724715E0F00658F64 /* TextExampleView.swift */,
				BF6F691924715E8300658F64 /* ToggleExampleView.swift */,
				BF6F691B24716BB000658F64 /* ImageExampleView.swift */,
			);
			path = Views;
			sourceTree = "<group>";
		};
/* End PBXGroup section */

/* Begin PBXNativeTarget section */
		BFF8F848246FA10B0034DA9E /* SwiftUIPlayground */ = {
			isa = PBXNativeTarget;
			buildConfigurationList = BFF8F868246FA10D0034DA9E /* Build configuration list for PBXNativeTarget "SwiftUIPlayground" */;
			buildPhases = (
				BFF8F845246FA10B0034DA9E /* Sources */,
				BFF8F846246FA10B0034DA9E /* Frameworks */,
				BFF8F847246FA10B0034DA9E /* Resources */,
			);
			buildRules = (
			);
			dependencies = (
			);
			name = SwiftUIPlayground;
			packageProductDependencies = (
				BFDBD5BB246FEAB0000B8CB5 /* KeyboardAware */,
				BF90EA8F247125B200FCF16D /* ImagePickerView */,
			);
			productName = SwiftUIPlayground;
			productReference = BFF8F849246FA10B0034DA9E /* SwiftUIPlayground.app */;
			productType = "com.apple.product-type.application";
		};
		BFF8F85E246FA10D0034DA9E /* SwiftUIPlaygroundTests */ = {
			isa = PBXNativeTarget;
			buildConfigurationList = BFF8F86B246FA10D0034DA9E /* Build configuration list for PBXNativeTarget "SwiftUIPlaygroundTests" */;
			buildPhases = (
				BFF8F85B246FA10D0034DA9E /* Sources */,
				BFF8F85C246FA10D0034DA9E /* Frameworks */,
				BFF8F85D246FA10D0034DA9E /* Resources */,
			);
			buildRules = (
			);
			dependencies = (
				BFF8F861246FA10D0034DA9E /* PBXTargetDependency */,
			);
			name = SwiftUIPlaygroundTests;
			productName = SwiftUIPlaygroundTests;
			productReference = BFF8F85F246FA10D0034DA9E /* SwiftUIPlaygroundTests.xctest */;
			productType = "com.apple.product-type.bundle.unit-test";
		};
/* End PBXNativeTarget section */

/* Begin PBXProject section */
		BFF8F841246FA10B0034DA9E /* Project object */ = {
			isa = PBXProject;
			attributes = {
				LastSwiftUpdateCheck = 1140;
				LastUpgradeCheck = 1140;
				ORGANIZATIONNAME = "Ralf Ebert";
				TargetAttributes = {
					BFF8F848246FA10B0034DA9E = {
						CreatedOnToolsVersion = 11.4.1;
					};
					BFF8F85E246FA10D0034DA9E = {
						CreatedOnToolsVersion = 11.4.1;
						TestTargetID = BFF8F848246FA10B0034DA9E;
					};
				};
			};
			buildConfigurationList = BFF8F844246FA10B0034DA9E /* Build configuration list for PBXProject "SwiftUIPlayground" */;
			compatibilityVersion = "Xcode 9.3";
			developmentRegion = en;
			hasScannedForEncodings = 0;
			knownRegions = (
				en,
				Base,
			);
			mainGroup = BFF8F840246FA10B0034DA9E;
			packageReferences = (
				BFDBD5BA246FEAB0000B8CB5 /* XCRemoteSwiftPackageReference "KeyboardAwareSwiftUI" */,
				BF90EA8E247125B200FCF16D /* XCRemoteSwiftPackageReference "ImagePickerView" */,
			);
			productRefGroup = BFF8F84A246FA10B0034DA9E /* Products */;
			projectDirPath = "";
			projectRoot = "";
			targets = (
				BFF8F848246FA10B0034DA9E /* SwiftUIPlayground */,
				BFF8F85E246FA10D0034DA9E /* SwiftUIPlaygroundTests */,
			);
		};
/* End PBXProject section */

/* Begin PBXResourcesBuildPhase section */
		BFF8F847246FA10B0034DA9E /* Resources */ = {
			isa = PBXResourcesBuildPhase;
			buildActionMask = 2147483647;
			files = (
				BF90EB1C2471459200FCF16D /* stmarylake.jpg in Resources */,
				BF90EB1D2471459200FCF16D /* chilkoottrail.jpg in Resources */,
				BFF8F859246FA10D0034DA9E /* LaunchScreen.storyboard in Resources */,
				BFF8F856246FA10D0034DA9E /* Preview Assets.xcassets in Resources */,
				BF90EB112471459200FCF16D /* turtlerock.jpg in Resources */,
				BFF8F870246FA5680034DA9E /* README.md in Resources */,
				BF90EB182471459200FCF16D /* charleyrivers_feature.jpg in Resources */,
				BF90EB1F2471459200FCF16D /* rainbowlake.jpg in Resources */,
				BF90EB132471459200FCF16D /* hikeData.json in Resources */,
				BF90EB102471459200FCF16D /* charleyrivers.jpg in Resources */,
				BF90EB122471459200FCF16D /* silversalmoncreek.jpg in Resources */,
				BF90EB152471459200FCF16D /* lakemcdonald.jpg in Resources */,
				BF90EB192471459200FCF16D /* umbagog.jpg in Resources */,
				BFF8F853246FA10D0034DA9E /* Assets.xcassets in Resources */,
				BF90EB1E2471459200FCF16D /* stmarylake_feature.jpg in Resources */,
				BF90EB142471459200FCF16D /* icybay.jpg in Resources */,
				BF90EB162471459200FCF16D /* hiddenlake.jpg in Resources */,
				BF90EB1A2471459200FCF16D /* landmarkData.json in Resources */,
				BF90EB172471459200FCF16D /* twinlake.jpg in Resources */,
				BF90EB1B2471459200FCF16D /* chincoteague.jpg in Resources */,
				BF90EB0F2471459200FCF16D /* turtlerock_feature.jpg in Resources */,
			);
			runOnlyForDeploymentPostprocessing = 0;
		};
		BFF8F85D246FA10D0034DA9E /* Resources */ = {
			isa = PBXResourcesBuildPhase;
			buildActionMask = 2147483647;
			files = (
			);
			runOnlyForDeploymentPostprocessing = 0;
		};
/* End PBXResourcesBuildPhase section */

/* Begin PBXSourcesBuildPhase section */
		BFF8F845246FA10B0034DA9E /* Sources */ = {
			isa = PBXSourcesBuildPhase;
			buildActionMask = 2147483647;
			files = (
				BFF8F874246FABD90034DA9E /* SizedUIViewRepresentableView.swift in Sources */,
				BF90EB332471459200FCF16D /* HikeGraph.swift in Sources */,
				BFF8F84D246FA10B0034DA9E /* AppDelegate.swift in Sources */,
				BF90EB252471459200FCF16D /* ProfileSummary.swift in Sources */,
				BF90EA8D247121B200FCF16D /* ImagePickerView.swift in Sources */,
				BFF8F84F246FA10B0034DA9E /* SceneDelegate.swift in Sources */,
				BF8502D524714A580070D0F5 /* AllWidgetsView.swift in Sources */,
				BF90EB2B2471459200FCF16D /* CircleImage.swift in Sources */,
				BF8502E1247159800070D0F5 /* ButtonExampleView.swift in Sources */,
				BF90EB292471459200FCF16D /* RotatedBadgeSymbol.swift in Sources */,
				BF90EB2D2471459200FCF16D /* BadgeBackground.swift in Sources */,
				BF8502DD2471566B0070D0F5 /* PickerExampleView.swift in Sources */,
				BF8502D92471532A0070D0F5 /* MainView.swift in Sources */,
				BFF8F878246FB5CA0034DA9E /* ColorCycleView.swift in Sources */,
				BF90EB2C2471459200FCF16D /* BadgeSymbol.swift in Sources */,
				BF90EB2A2471459200FCF16D /* MapView.swift in Sources */,
				BF90EACD24712D0200FCF16D /* Todo+CoreDataClass.swift in Sources */,
				BF8502E5247159A70070D0F5 /* ListExampleView.swift in Sources */,
				BF8502E3247159950070D0F5 /* DatePickerExampleView.swift in Sources */,
				BF90EB262471459200FCF16D /* ProfileEditor.swift in Sources */,
				BF90EB242471459200FCF16D /* PageView.swift in Sources */,
				BF90EB212471459200FCF16D /* Home.swift in Sources */,
				BF90EB282471459200FCF16D /* FeatureCard.swift in Sources */,
				BFF8F87A246FB8280034DA9E /* PlayersProgressView.swift in Sources */,
				BF90EB392471465200FCF16D /* ContactFormView.swift in Sources */,
				BF90EA8B2471148700FCF16D /* ChartExampleView.swift in Sources */,
				BF90EACA24712CC600FCF16D /* PlaygroundModel.xcdatamodeld in Sources */,
				BF8502DB247154D60070D0F5 /* NavigationViewExample.swift in Sources */,
				BF8502EB24715B4D0070D0F5 /* SliderExampleView.swift in Sources */,
				BF90EB2F2471459200FCF16D /* LandmarkList.swift in Sources */,
				BFF8F87C246FD8170034DA9E /* KeyboardAwareView.swift in Sources */,
				BF90EB0B2471459200FCF16D /* Profile.swift in Sources */,
				BF90EB0E2471459200FCF16D /* Landmark.swift in Sources */,
				BF90EA8924710F2100FCF16D /* EnvironmentView.swift in Sources */,
				BF90EB0A2471459200FCF16D /* Data.swift in Sources */,
				BF90EB302471459200FCF16D /* LandmarkDetail.swift in Sources */,
				BF8502DF247157EA0070D0F5 /* ScrollViewExample.swift in Sources */,
				BF90EB352471459200FCF16D /* HikeDetail.swift in Sources */,
				BF90EB312471459200FCF16D /* LandmarkRow.swift in Sources */,
				BF8502ED24715C8D0070D0F5 /* StepperExampleView.swift in Sources */,
				BF8502D724714E630070D0F5 /* EditButtonExampleView.swift in Sources */,
				BF90EB232471459200FCF16D /* PageViewController.swift in Sources */,
				BFF8F851246FA10B0034DA9E /* ClipImageSquareView.swift in Sources */,
				BF90EB222471459200FCF16D /* CategoryRow.swift in Sources */,
				BF90EAD224712D4900FCF16D /* TodosView.swift in Sources */,
				BF90EB322471459200FCF16D /* GraphCapsule.swift in Sources */,
				BF90EA922471297100FCF16D /* AccountView.swift in Sources */,
				BF90EB0C2471459200FCF16D /* UserData.swift in Sources */,
				BF8502E724715A960070D0F5 /* TextFieldExampleView.swift in Sources */,
				BF6F691C24716BB000658F64 /* ImageExampleView.swift in Sources */,
				BF90EA87247041DF00FCF16D /* SwiftUISwitchView.swift in Sources */,
				BF90EB372471459200FCF16D /* HikeView.swift in Sources */,
				BF90EAC624712C5400FCF16D /* CoreDataStack.swift in Sources */,
				BF90EB202471459200FCF16D /* PageControl.swift in Sources */,
				BF90EB362471459200FCF16D /* HexagonParameters.swift in Sources */,
				BF90EB272471459200FCF16D /* ProfileHost.swift in Sources */,
				BF8502D3247148AB0070D0F5 /* Date+Extensions.swift in Sources */,
				BF90EB0D2471459200FCF16D /* Hike.swift in Sources */,
				BF6F691824715E0F00658F64 /* TextExampleView.swift in Sources */,
				BF90EB342471459200FCF16D /* HikeBadge.swift in Sources */,
				BF6F691A24715E8300658F64 /* ToggleExampleView.swift in Sources */,
				BFF8F876246FB0120034DA9E /* LinkedStateChangeView.swift in Sources */,
				BFDBD5BE2470385A000B8CB5 /* DragGestureView.swift in Sources */,
				BF90EB2E2471459200FCF16D /* Badge.swift in Sources */,
				BFF8F872246FA8380034DA9E /* ConditionalDatePickerView.swift in Sources */,
			);
			runOnlyForDeploymentPostprocessing = 0;
		};
		BFF8F85B246FA10D0034DA9E /* Sources */ = {
			isa = PBXSourcesBuildPhase;
			buildActionMask = 2147483647;
			files = (
				BFF8F864246FA10D0034DA9E /* SwiftUIPlaygroundTests.swift in Sources */,
			);
			runOnlyForDeploymentPostprocessing = 0;
		};
/* End PBXSourcesBuildPhase section */

/* Begin PBXTargetDependency section */
		BFF8F861246FA10D0034DA9E /* PBXTargetDependency */ = {
			isa = PBXTargetDependency;
			target = BFF8F848246FA10B0034DA9E /* SwiftUIPlayground */;
			targetProxy = BFF8F860246FA10D0034DA9E /* PBXContainerItemProxy */;
		};
/* End PBXTargetDependency section */

/* Begin PBXVariantGroup section */
		BFF8F857246FA10D0034DA9E /* LaunchScreen.storyboard */ = {
			isa = PBXVariantGroup;
			children = (
				BFF8F858246FA10D0034DA9E /* Base */,
			);
			name = LaunchScreen.storyboard;
			sourceTree = "<group>";
		};
/* End PBXVariantGroup section */

/* Begin XCBuildConfiguration section */
		BFF8F866246FA10D0034DA9E /* Debug */ = {
			isa = XCBuildConfiguration;
			buildSettings = {
				ALWAYS_SEARCH_USER_PATHS = NO;
				CLANG_ANALYZER_NONNULL = YES;
				CLANG_ANALYZER_NUMBER_OBJECT_CONVERSION = YES_AGGRESSIVE;
				CLANG_CXX_LANGUAGE_STANDARD = "gnu++14";
				CLANG_CXX_LIBRARY = "libc++";
				CLANG_ENABLE_MODULES = YES;
				CLANG_ENABLE_OBJC_ARC = YES;
				CLANG_ENABLE_OBJC_WEAK = YES;
				CLANG_WARN_BLOCK_CAPTURE_AUTORELEASING = YES;
				CLANG_WARN_BOOL_CONVERSION = YES;
				CLANG_WARN_COMMA = YES;
				CLANG_WARN_CONSTANT_CONVERSION = YES;
				CLANG_WARN_DEPRECATED_OBJC_IMPLEMENTATIONS = YES;
				CLANG_WARN_DIRECT_OBJC_ISA_USAGE = YES_ERROR;
				CLANG_WARN_DOCUMENTATION_COMMENTS = YES;
				CLANG_WARN_EMPTY_BODY = YES;
				CLANG_WARN_ENUM_CONVERSION = YES;
				CLANG_WARN_INFINITE_RECURSION = YES;
				CLANG_WARN_INT_CONVERSION = YES;
				CLANG_WARN_NON_LITERAL_NULL_CONVERSION = YES;
				CLANG_WARN_OBJC_IMPLICIT_RETAIN_SELF = YES;
				CLANG_WARN_OBJC_LITERAL_CONVERSION = YES;
				CLANG_WARN_OBJC_ROOT_CLASS = YES_ERROR;
				CLANG_WARN_RANGE_LOOP_ANALYSIS = YES;
				CLANG_WARN_STRICT_PROTOTYPES = YES;
				CLANG_WARN_SUSPICIOUS_MOVE = YES;
				CLANG_WARN_UNGUARDED_AVAILABILITY = YES_AGGRESSIVE;
				CLANG_WARN_UNREACHABLE_CODE = YES;
				CLANG_WARN__DUPLICATE_METHOD_MATCH = YES;
				COPY_PHASE_STRIP = NO;
				DEBUG_INFORMATION_FORMAT = dwarf;
				ENABLE_STRICT_OBJC_MSGSEND = YES;
				ENABLE_TESTABILITY = YES;
				GCC_C_LANGUAGE_STANDARD = gnu11;
				GCC_DYNAMIC_NO_PIC = NO;
				GCC_NO_COMMON_BLOCKS = YES;
				GCC_OPTIMIZATION_LEVEL = 0;
				GCC_PREPROCESSOR_DEFINITIONS = (
					"DEBUG=1",
					"$(inherited)",
				);
				GCC_WARN_64_TO_32_BIT_CONVERSION = YES;
				GCC_WARN_ABOUT_RETURN_TYPE = YES_ERROR;
				GCC_WARN_UNDECLARED_SELECTOR = YES;
				GCC_WARN_UNINITIALIZED_AUTOS = YES_AGGRESSIVE;
				GCC_WARN_UNUSED_FUNCTION = YES;
				GCC_WARN_UNUSED_VARIABLE = YES;
				IPHONEOS_DEPLOYMENT_TARGET = 13.4;
				MTL_ENABLE_DEBUG_INFO = INCLUDE_SOURCE;
				MTL_FAST_MATH = YES;
				ONLY_ACTIVE_ARCH = YES;
				SDKROOT = iphoneos;
				SWIFT_ACTIVE_COMPILATION_CONDITIONS = DEBUG;
				SWIFT_OPTIMIZATION_LEVEL = "-Onone";
			};
			name = Debug;
		};
		BFF8F867246FA10D0034DA9E /* Release */ = {
			isa = XCBuildConfiguration;
			buildSettings = {
				ALWAYS_SEARCH_USER_PATHS = NO;
				CLANG_ANALYZER_NONNULL = YES;
				CLANG_ANALYZER_NUMBER_OBJECT_CONVERSION = YES_AGGRESSIVE;
				CLANG_CXX_LANGUAGE_STANDARD = "gnu++14";
				CLANG_CXX_LIBRARY = "libc++";
				CLANG_ENABLE_MODULES = YES;
				CLANG_ENABLE_OBJC_ARC = YES;
				CLANG_ENABLE_OBJC_WEAK = YES;
				CLANG_WARN_BLOCK_CAPTURE_AUTORELEASING = YES;
				CLANG_WARN_BOOL_CONVERSION = YES;
				CLANG_WARN_COMMA = YES;
				CLANG_WARN_CONSTANT_CONVERSION = YES;
				CLANG_WARN_DEPRECATED_OBJC_IMPLEMENTATIONS = YES;
				CLANG_WARN_DIRECT_OBJC_ISA_USAGE = YES_ERROR;
				CLANG_WARN_DOCUMENTATION_COMMENTS = YES;
				CLANG_WARN_EMPTY_BODY = YES;
				CLANG_WARN_ENUM_CONVERSION = YES;
				CLANG_WARN_INFINITE_RECURSION = YES;
				CLANG_WARN_INT_CONVERSION = YES;
				CLANG_WARN_NON_LITERAL_NULL_CONVERSION = YES;
				CLANG_WARN_OBJC_IMPLICIT_RETAIN_SELF = YES;
				CLANG_WARN_OBJC_LITERAL_CONVERSION = YES;
				CLANG_WARN_OBJC_ROOT_CLASS = YES_ERROR;
				CLANG_WARN_RANGE_LOOP_ANALYSIS = YES;
				CLANG_WARN_STRICT_PROTOTYPES = YES;
				CLANG_WARN_SUSPICIOUS_MOVE = YES;
				CLANG_WARN_UNGUARDED_AVAILABILITY = YES_AGGRESSIVE;
				CLANG_WARN_UNREACHABLE_CODE = YES;
				CLANG_WARN__DUPLICATE_METHOD_MATCH = YES;
				COPY_PHASE_STRIP = NO;
				DEBUG_INFORMATION_FORMAT = "dwarf-with-dsym";
				ENABLE_NS_ASSERTIONS = NO;
				ENABLE_STRICT_OBJC_MSGSEND = YES;
				GCC_C_LANGUAGE_STANDARD = gnu11;
				GCC_NO_COMMON_BLOCKS = YES;
				GCC_WARN_64_TO_32_BIT_CONVERSION = YES;
				GCC_WARN_ABOUT_RETURN_TYPE = YES_ERROR;
				GCC_WARN_UNDECLARED_SELECTOR = YES;
				GCC_WARN_UNINITIALIZED_AUTOS = YES_AGGRESSIVE;
				GCC_WARN_UNUSED_FUNCTION = YES;
				GCC_WARN_UNUSED_VARIABLE = YES;
				IPHONEOS_DEPLOYMENT_TARGET = 13.4;
				MTL_ENABLE_DEBUG_INFO = NO;
				MTL_FAST_MATH = YES;
				SDKROOT = iphoneos;
				SWIFT_COMPILATION_MODE = wholemodule;
				SWIFT_OPTIMIZATION_LEVEL = "-O";
				VALIDATE_PRODUCT = YES;
			};
			name = Release;
		};
		BFF8F869246FA10D0034DA9E /* Debug */ = {
			isa = XCBuildConfiguration;
			buildSettings = {
				ASSETCATALOG_COMPILER_APPICON_NAME = AppIcon;
				CODE_SIGN_STYLE = Automatic;
				DEVELOPMENT_ASSET_PATHS = "\"SwiftUIPlayground/Preview Content\"";
				DEVELOPMENT_TEAM = R476D442DR;
				ENABLE_PREVIEWS = YES;
				INFOPLIST_FILE = SwiftUIPlayground/Info.plist;
				LD_RUNPATH_SEARCH_PATHS = (
					"$(inherited)",
					"@executable_path/Frameworks",
				);
				PRODUCT_BUNDLE_IDENTIFIER = com.example.SwiftUIPlayground;
				PRODUCT_NAME = "$(TARGET_NAME)";
				SWIFT_VERSION = 5.0;
				TARGETED_DEVICE_FAMILY = "1,2";
			};
			name = Debug;
		};
		BFF8F86A246FA10D0034DA9E /* Release */ = {
			isa = XCBuildConfiguration;
			buildSettings = {
				ASSETCATALOG_COMPILER_APPICON_NAME = AppIcon;
				CODE_SIGN_STYLE = Automatic;
				DEVELOPMENT_ASSET_PATHS = "\"SwiftUIPlayground/Preview Content\"";
				DEVELOPMENT_TEAM = R476D442DR;
				ENABLE_PREVIEWS = YES;
				INFOPLIST_FILE = SwiftUIPlayground/Info.plist;
				LD_RUNPATH_SEARCH_PATHS = (
					"$(inherited)",
					"@executable_path/Frameworks",
				);
				PRODUCT_BUNDLE_IDENTIFIER = com.example.SwiftUIPlayground;
				PRODUCT_NAME = "$(TARGET_NAME)";
				SWIFT_VERSION = 5.0;
				TARGETED_DEVICE_FAMILY = "1,2";
			};
			name = Release;
		};
		BFF8F86C246FA10D0034DA9E /* Debug */ = {
			isa = XCBuildConfiguration;
			buildSettings = {
				ALWAYS_EMBED_SWIFT_STANDARD_LIBRARIES = YES;
				BUNDLE_LOADER = "$(TEST_HOST)";
				CODE_SIGN_STYLE = Automatic;
				DEVELOPMENT_TEAM = R476D442DR;
				INFOPLIST_FILE = SwiftUIPlaygroundTests/Info.plist;
				IPHONEOS_DEPLOYMENT_TARGET = 13.4;
				LD_RUNPATH_SEARCH_PATHS = (
					"$(inherited)",
					"@executable_path/Frameworks",
					"@loader_path/Frameworks",
				);
				PRODUCT_BUNDLE_IDENTIFIER = com.example.SwiftUIPlaygroundTests;
				PRODUCT_NAME = "$(TARGET_NAME)";
				SWIFT_VERSION = 5.0;
				TARGETED_DEVICE_FAMILY = "1,2";
				TEST_HOST = "$(BUILT_PRODUCTS_DIR)/SwiftUIPlayground.app/SwiftUIPlayground";
			};
			name = Debug;
		};
		BFF8F86D246FA10D0034DA9E /* Release */ = {
			isa = XCBuildConfiguration;
			buildSettings = {
				ALWAYS_EMBED_SWIFT_STANDARD_LIBRARIES = YES;
				BUNDLE_LOADER = "$(TEST_HOST)";
				CODE_SIGN_STYLE = Automatic;
				DEVELOPMENT_TEAM = R476D442DR;
				INFOPLIST_FILE = SwiftUIPlaygroundTests/Info.plist;
				IPHONEOS_DEPLOYMENT_TARGET = 13.4;
				LD_RUNPATH_SEARCH_PATHS = (
					"$(inherited)",
					"@executable_path/Frameworks",
					"@loader_path/Frameworks",
				);
				PRODUCT_BUNDLE_IDENTIFIER = com.example.SwiftUIPlaygroundTests;
				PRODUCT_NAME = "$(TARGET_NAME)";
				SWIFT_VERSION = 5.0;
				TARGETED_DEVICE_FAMILY = "1,2";
				TEST_HOST = "$(BUILT_PRODUCTS_DIR)/SwiftUIPlayground.app/SwiftUIPlayground";
			};
			name = Release;
		};
/* End XCBuildConfiguration section */

/* Begin XCConfigurationList section */
		BFF8F844246FA10B0034DA9E /* Build configuration list for PBXProject "SwiftUIPlayground" */ = {
			isa = XCConfigurationList;
			buildConfigurations = (
				BFF8F866246FA10D0034DA9E /* Debug */,
				BFF8F867246FA10D0034DA9E /* Release */,
			);
			defaultConfigurationIsVisible = 0;
			defaultConfigurationName = Release;
		};
		BFF8F868246FA10D0034DA9E /* Build configuration list for PBXNativeTarget "SwiftUIPlayground" */ = {
			isa = XCConfigurationList;
			buildConfigurations = (
				BFF8F869246FA10D0034DA9E /* Debug */,
				BFF8F86A246FA10D0034DA9E /* Release */,
			);
			defaultConfigurationIsVisible = 0;
			defaultConfigurationName = Release;
		};
		BFF8F86B246FA10D0034DA9E /* Build configuration list for PBXNativeTarget "SwiftUIPlaygroundTests" */ = {
			isa = XCConfigurationList;
			buildConfigurations = (
				BFF8F86C246FA10D0034DA9E /* Debug */,
				BFF8F86D246FA10D0034DA9E /* Release */,
			);
			defaultConfigurationIsVisible = 0;
			defaultConfigurationName = Release;
		};
/* End XCConfigurationList section */

/* Begin XCRemoteSwiftPackageReference section */
		BF90EA8E247125B200FCF16D /* XCRemoteSwiftPackageReference "ImagePickerView" */ = {
			isa = XCRemoteSwiftPackageReference;
			repositoryURL = "https://github.com/ralfebert/ImagePickerView.git";
			requirement = {
				kind = upToNextMajorVersion;
				minimumVersion = 0.5.0;
			};
		};
		BFDBD5BA246FEAB0000B8CB5 /* XCRemoteSwiftPackageReference "KeyboardAwareSwiftUI" */ = {
			isa = XCRemoteSwiftPackageReference;
			repositoryURL = "https://github.com/ralfebert/KeyboardAwareSwiftUI.git";
			requirement = {
				kind = upToNextMajorVersion;
				minimumVersion = 0.5.0;
			};
		};
/* End XCRemoteSwiftPackageReference section */

/* Begin XCSwiftPackageProductDependency section */
		BF90EA8F247125B200FCF16D /* ImagePickerView */ = {
			isa = XCSwiftPackageProductDependency;
			package = BF90EA8E247125B200FCF16D /* XCRemoteSwiftPackageReference "ImagePickerView" */;
			productName = ImagePickerView;
		};
		BFDBD5BB246FEAB0000B8CB5 /* KeyboardAware */ = {
			isa = XCSwiftPackageProductDependency;
			package = BFDBD5BA246FEAB0000B8CB5 /* XCRemoteSwiftPackageReference "KeyboardAwareSwiftUI" */;
			productName = KeyboardAware;
		};
/* End XCSwiftPackageProductDependency section */

/* Begin XCVersionGroup section */
		BF90EAC824712CC600FCF16D /* PlaygroundModel.xcdatamodeld */ = {
			isa = XCVersionGroup;
			children = (
				BF90EAC924712CC600FCF16D /* PlaygroundModel.xcdatamodel */,
			);
			currentVersion = BF90EAC924712CC600FCF16D /* PlaygroundModel.xcdatamodel */;
			path = PlaygroundModel.xcdatamodeld;
			sourceTree = "<group>";
			versionGroupType = wrapper.xcdatamodel;
		};
/* End XCVersionGroup section */
	};
	rootObject = BFF8F841246FA10B0034DA9E /* Project object */;
}
