{
  "object": {
    "pins": [
      {
        "package": "KeyboardAware",
        "repositoryURL": "https://github.com/ralfebert/KeyboardAwareSwiftUI.git",
        "state": {
          "branch": null,
          "revision": "c76a2e1ee69b413885c604e62f39b796de97dcda",
          "version": "0.5.0"
        }
      }
    ]
  },
  "version": 1
}
